<?xml version="1.0" encoding="utf-8"?>
<Project ToolsVersion="4.0" xmlns="http://schemas.microsoft.com/developer/msbuild/2003">
  <ItemGroup>
    <Filter Include="ParserGen">
      <UniqueIdentifier>{50a50c57-2388-43b3-9278-a0d903534a7a}</UniqueIdentifier>
    </Filter>
    <Filter Include="ParserGen_Printer">
      <UniqueIdentifier>{c52250c2-8e3d-495d-b876-aab750c654c1}</UniqueIdentifier>
    </Filter>
  </ItemGroup>
  <ItemGroup>
    <ClCompile Include="$(MSBuildThisFileDirectory)..\..\..\Source\ParserGen\CompileAst.cpp">
      <Filter>ParserGen</Filter>
    </ClCompile>
    <ClCompile Include="$(MSBuildThisFileDirectory)..\..\..\Source\ParserGen\CompileLexer.cpp">
      <Filter>ParserGen</Filter>
    </ClCompile>
    <ClCompile Include="$(MSBuildThisFileDirectory)..\..\..\Source\ParserGen\CompileSyntax.cpp">
      <Filter>ParserGen</Filter>
    </ClCompile>
    <ClCompile Include="$(MSBuildThisFileDirectory)..\..\..\Source\ParserGen\CompileSyntax_CompileSyntax.cpp">
      <Filter>ParserGen</Filter>
    </ClCompile>
    <ClCompile Include="$(MSBuildThisFileDirectory)..\..\..\Source\ParserGen\CompileSyntax_ResolveName.cpp">
      <Filter>ParserGen</Filter>
    </ClCompile>
    <ClCompile Include="$(MSBuildThisFileDirectory)..\..\..\Source\ParserGen\CompileSyntax_ValidateStructure.cpp">
      <Filter>ParserGen</Filter>
    </ClCompile>
    <ClCompile Include="$(MSBuildThisFileDirectory)..\..\..\Source\ParserGen\CompileSyntax_ValidateTypes.cpp">
      <Filter>ParserGen</Filter>
    </ClCompile>
    <ClCompile Include="$(MSBuildThisFileDirectory)..\..\..\Source\ParserGen\CompileSyntax_CalculateTypes.cpp">
      <Filter>ParserGen</Filter>
    </ClCompile>
    <ClCompile Include="$(MSBuildThisFileDirectory)..\..\..\Source\ParserGen\CompileSyntax_CalculateFirstSet.cpp">
      <Filter>ParserGen</Filter>
    </ClCompile>
    <ClCompile Include="$(MSBuildThisFileDirectory)..\..\..\Source\ParserGen\CompileSyntax_RewriteSyntax_PrefixMerge.cpp">
      <Filter>ParserGen</Filter>
    </ClCompile>
    <ClCompile Include="$(MSBuildThisFileDirectory)..\..\..\Source\ParserGen\CompileSyntax_ValidateSwitchesAndConditions.cpp">
      <Filter>ParserGen</Filter>
    </ClCompile>
    <ClCompile Include="$(MSBuildThisFileDirectory)..\..\..\Source\ParserGen\CompileSyntax_RewriteSyntax_Switch.cpp">
      <Filter>ParserGen</Filter>
    </ClCompile>
    <ClCompile Include="$(MSBuildThisFileDirectory)..\..\..\Source\ParserGen\CompileSyntax_ValidatePrefixMerge.cpp">
      <Filter>ParserGen</Filter>
    </ClCompile>
    <ClCompile Include="$(MSBuildThisFileDirectory)..\..\..\Source\ParserGen_Printer\SyntaxAstToCode.cpp">
      <Filter>ParserGen_Printer</Filter>
    </ClCompile>
  </ItemGroup>
  <ItemGroup>
    <ClInclude Include="$(MSBuildThisFileDirectory)..\..\..\Source\ParserGen\Compiler.h">
      <Filter>ParserGen</Filter>
    </ClInclude>
    <ClInclude Include="$(MSBuildThisFileDirectory)..\..\..\Source\ParserGen_Printer\AstToCode.h">
      <Filter>ParserGen_Printer</Filter>
    </ClInclude>
  </ItemGroup>
</Project>