<?xml version="1.0" encoding="utf-8"?>
<Project ToolsVersion="4.0" xmlns="http://schemas.microsoft.com/developer/msbuild/2003">
  <ItemGroup>
    <Filter Include="ParserGen">
      <UniqueIdentifier>{50a50c57-2388-43b3-9278-a0d903534a7a}</UniqueIdentifier>
    </Filter>
  </ItemGroup>
  <ItemGroup>
    <ClCompile Include="$(MSBuildThisFileDirectory)..\..\..\Source\ParserGen\CompileAst.cpp">
      <Filter>ParserGen</Filter>
    </ClCompile>
    <ClCompile Include="$(MSBuildThisFileDirectory)..\..\..\Source\ParserGen\CompileLexer.cpp">
      <Filter>ParserGen</Filter>
    </ClCompile>
    <ClCompile Include="$(MSBuildThisFileDirectory)..\..\..\Source\ParserGen\CompileSyntax.cpp">
      <Filter>ParserGen</Filter>
    </ClCompile>
  </ItemGroup>
  <ItemGroup>
    <ClInclude Include="$(MSBuildThisFileDirectory)..\..\..\Source\ParserGen\Compiler.h">
      <Filter>ParserGen</Filter>
    </ClInclude>
  </ItemGroup>
</Project>