<?xml version="1.0" encoding="utf-8"?>
<Project ToolsVersion="4.0" xmlns="http://schemas.microsoft.com/developer/msbuild/2003">
  <ItemGroup>
    <Filter Include="Syntax">
      <UniqueIdentifier>{305b1af5-2a69-4eb0-9e87-0a903ef7b8ab}</UniqueIdentifier>
    </Filter>
  </ItemGroup>
  <ItemGroup>
    <ClCompile Include="$(MSBuildThisFileDirectory)..\..\..\Source\Syntax\SyntaxCppGen.cpp">
      <Filter>Syntax</Filter>
    </ClCompile>
    <ClCompile Include="$(MSBuildThisFileDirectory)..\..\..\Source\Syntax\SyntaxSymbol.cpp">
      <Filter>Syntax</Filter>
    </ClCompile>
    <ClCompile Include="$(MSBuildThisFileDirectory)..\..\..\Source\Syntax\SyntaxSymbol_CreateParserGenSyntax.cpp">
      <Filter>Syntax</Filter>
    </ClCompile>
    <ClCompile Include="$(MSBuildThisFileDirectory)..\..\..\Source\Syntax\SyntaxSymbol_NFACompact.cpp">
      <Filter>Syntax</Filter>
    </ClCompile>
    <ClCompile Include="$(MSBuildThisFileDirectory)..\..\..\Source\Syntax\SyntaxSymbol_NFACrossReferenced.cpp">
      <Filter>Syntax</Filter>
    </ClCompile>
  </ItemGroup>
  <ItemGroup>
    <ClInclude Include="$(MSBuildThisFileDirectory)..\..\..\Source\Syntax\SyntaxCppGen.h">
      <Filter>Syntax</Filter>
    </ClInclude>
    <ClInclude Include="$(MSBuildThisFileDirectory)..\..\..\Source\Syntax\SyntaxSymbol.h">
      <Filter>Syntax</Filter>
    </ClInclude>
    <ClInclude Include="$(MSBuildThisFileDirectory)..\..\..\Source\Syntax\SyntaxSymbolWriter.h">
      <Filter>Syntax</Filter>
    </ClInclude>
  </ItemGroup>
</Project>