<?xml version="1.0" encoding="utf-8"?>
<Project ToolsVersion="4.0" xmlns="http://schemas.microsoft.com/developer/msbuild/2003">
  <ItemGroup>
    <Filter Include="Generated">
      <UniqueIdentifier>{69bd21e8-095f-4f4e-a6cb-5a7d8a60e6a5}</UniqueIdentifier>
    </Filter>
  </ItemGroup>
  <ItemGroup>
    <ClInclude Include="$(MSBuildThisFileDirectory)..\..\..\Source\Xml\Generated\XmlAst_Copy.h">
      <Filter>Generated</Filter>
    </ClInclude>
    <ClInclude Include="$(MSBuildThisFileDirectory)..\..\..\Source\Xml\Generated\XmlAst_Empty.h">
      <Filter>Generated</Filter>
    </ClInclude>
    <ClInclude Include="$(MSBuildThisFileDirectory)..\..\..\Source\Xml\Generated\XmlAst_Json.h">
      <Filter>Generated</Filter>
    </ClInclude>
    <ClInclude Include="$(MSBuildThisFileDirectory)..\..\..\Source\Xml\Generated\XmlAst_Traverse.h">
      <Filter>Generated</Filter>
    </ClInclude>
    <ClInclude Include="$(MSBuildThisFileDirectory)..\..\..\Source\Xml\Generated\XmlParser.h">
      <Filter>Generated</Filter>
    </ClInclude>
    <ClInclude Include="$(MSBuildThisFileDirectory)..\..\..\Source\Xml\Generated\Xml_Assembler.h">
      <Filter>Generated</Filter>
    </ClInclude>
    <ClInclude Include="$(MSBuildThisFileDirectory)..\..\..\Source\Xml\Generated\Xml_Lexer.h">
      <Filter>Generated</Filter>
    </ClInclude>
    <ClInclude Include="$(MSBuildThisFileDirectory)..\..\..\Source\Xml\Generated\XmlAst.h">
      <Filter>Generated</Filter>
    </ClInclude>
    <ClInclude Include="$(MSBuildThisFileDirectory)..\..\..\Source\Xml\Generated\XmlAst_Builder.h">
      <Filter>Generated</Filter>
    </ClInclude>
    <ClInclude Include="$(MSBuildThisFileDirectory)..\..\..\Source\Xml\GlrXml.h" />
  </ItemGroup>
  <ItemGroup>
    <ClCompile Include="$(MSBuildThisFileDirectory)..\..\..\Source\Xml\Generated\XmlAst_Empty.cpp">
      <Filter>Generated</Filter>
    </ClCompile>
    <ClCompile Include="$(MSBuildThisFileDirectory)..\..\..\Source\Xml\Generated\XmlAst_Json.cpp">
      <Filter>Generated</Filter>
    </ClCompile>
    <ClCompile Include="$(MSBuildThisFileDirectory)..\..\..\Source\Xml\Generated\XmlAst_Traverse.cpp">
      <Filter>Generated</Filter>
    </ClCompile>
    <ClCompile Include="$(MSBuildThisFileDirectory)..\..\..\Source\Xml\Generated\XmlParser.cpp">
      <Filter>Generated</Filter>
    </ClCompile>
    <ClCompile Include="$(MSBuildThisFileDirectory)..\..\..\Source\Xml\Generated\Xml_Assembler.cpp">
      <Filter>Generated</Filter>
    </ClCompile>
    <ClCompile Include="$(MSBuildThisFileDirectory)..\..\..\Source\Xml\Generated\Xml_Lexer.cpp">
      <Filter>Generated</Filter>
    </ClCompile>
    <ClCompile Include="$(MSBuildThisFileDirectory)..\..\..\Source\Xml\Generated\XmlAst.cpp">
      <Filter>Generated</Filter>
    </ClCompile>
    <ClCompile Include="$(MSBuildThisFileDirectory)..\..\..\Source\Xml\Generated\XmlAst_Builder.cpp">
      <Filter>Generated</Filter>
    </ClCompile>
    <ClCompile Include="$(MSBuildThisFileDirectory)..\..\..\Source\Xml\Generated\XmlAst_Copy.cpp">
      <Filter>Generated</Filter>
    </ClCompile>
    <ClCompile Include="$(MSBuildThisFileDirectory)..\..\..\Source\Xml\GlrXml.cpp" />
  </ItemGroup>
</Project>