<?xml version="1.0" encoding="utf-8"?>
<Project ToolsVersion="4.0" xmlns="http://schemas.microsoft.com/developer/msbuild/2003">
  <ItemGroup>
    <Filter Include="AstParserGen">
      <UniqueIdentifier>{138f1689-0084-44e0-811e-b735c9f5d9d4}</UniqueIdentifier>
    </Filter>
  </ItemGroup>
  <ItemGroup>
    <ClCompile Include="$(MSBuildThisFileDirectory)..\..\..\Source\AstParserGen\ParserGenTypeAst.cpp">
      <Filter>AstParserGen</Filter>
    </ClCompile>
    <ClCompile Include="$(MSBuildThisFileDirectory)..\..\..\Source\AstBase.cpp" />
    <ClCompile Include="$(MSBuildThisFileDirectory)..\..\..\Source\AstParserGen\ParserGenTypeAst_Copy.cpp">
      <Filter>AstParserGen</Filter>
    </ClCompile>
    <ClCompile Include="$(MSBuildThisFileDirectory)..\..\..\Source\AstParserGen\ParserGenTypeAst_Empty.cpp">
      <Filter>AstParserGen</Filter>
    </ClCompile>
    <ClCompile Include="$(MSBuildThisFileDirectory)..\..\..\Source\AstParserGen\ParserGenTypeAst_Traverse.cpp">
      <Filter>AstParserGen</Filter>
    </ClCompile>
    <ClCompile Include="$(MSBuildThisFileDirectory)..\..\..\Source\AstParserGen\ParserGenTypeAst_Json.cpp">
      <Filter>AstParserGen</Filter>
    </ClCompile>
    <ClCompile Include="$(MSBuildThisFileDirectory)..\..\..\Source\AstParserGen\ParserGenTypeAst_Builder.cpp">
      <Filter>AstParserGen</Filter>
    </ClCompile>
    <ClCompile Include="$(MSBuildThisFileDirectory)..\..\..\Source\AstParserGen\ParserGen_Assembler.cpp">
      <Filter>AstParserGen</Filter>
    </ClCompile>
  </ItemGroup>
  <ItemGroup>
    <ClInclude Include="$(MSBuildThisFileDirectory)..\..\..\Source\AstParserGen\ParserGenTypeAst.h">
      <Filter>AstParserGen</Filter>
    </ClInclude>
    <ClInclude Include="$(MSBuildThisFileDirectory)..\..\..\Source\AstBase.h" />
    <ClInclude Include="$(MSBuildThisFileDirectory)..\..\..\Source\AstParserGen\ParserGenTypeAst_Copy.h">
      <Filter>AstParserGen</Filter>
    </ClInclude>
    <ClInclude Include="$(MSBuildThisFileDirectory)..\..\..\Source\AstParserGen\ParserGenTypeAst_Empty.h">
      <Filter>AstParserGen</Filter>
    </ClInclude>
    <ClInclude Include="$(MSBuildThisFileDirectory)..\..\..\Source\AstParserGen\ParserGenTypeAst_Traverse.h">
      <Filter>AstParserGen</Filter>
    </ClInclude>
    <ClInclude Include="$(MSBuildThisFileDirectory)..\..\..\Source\AstParserGen\ParserGenTypeAst_Json.h">
      <Filter>AstParserGen</Filter>
    </ClInclude>
    <ClInclude Include="$(MSBuildThisFileDirectory)..\..\..\Source\AstParserGen\ParserGenTypeAst_Builder.h">
      <Filter>AstParserGen</Filter>
    </ClInclude>
    <ClInclude Include="$(MSBuildThisFileDirectory)..\..\..\Source\AstParserGen\ParserGen_Assembler.h">
      <Filter>AstParserGen</Filter>
    </ClInclude>
  </ItemGroup>
</Project>