<?xml version="1.0" encoding="utf-8"?>
<Project ToolsVersion="4.0" xmlns="http://schemas.microsoft.com/developer/msbuild/2003">
  <ItemGroup>
    <Filter Include="Source Files">
      <UniqueIdentifier>{4FC737F1-C7A5-4376-A066-2A32D752A2FF}</UniqueIdentifier>
      <Extensions>cpp;c;cc;cxx;c++;cppm;ixx;def;odl;idl;hpj;bat;asm;asmx</Extensions>
    </Filter>
    <Filter Include="Header Files">
      <UniqueIdentifier>{93995380-89BD-4b04-88EB-625FBE52EBFB}</UniqueIdentifier>
      <Extensions>h;hh;hpp;hxx;h++;hm;inl;inc;ipp;xsd</Extensions>
    </Filter>
    <Filter Include="Resource Files">
      <UniqueIdentifier>{67DA6AB6-F800-4c08-8B7A-83BB121AAD01}</UniqueIdentifier>
      <Extensions>rc;ico;cur;bmp;dlg;rc2;rct;bin;rgs;gif;jpg;jpeg;jpe;resx;tiff;tif;png;wav;mfcribbon-ms</Extensions>
    </Filter>
    <Filter Include="Source Files\Shared">
      <UniqueIdentifier>{502c141b-1d23-46e1-8972-6d98d23ed3fd}</UniqueIdentifier>
    </Filter>
    <Filter Include="Source Files\Syntax">
      <UniqueIdentifier>{e3031391-a046-4f09-8414-e7b658783dfe}</UniqueIdentifier>
    </Filter>
    <Filter Include="Source Files\Syntax\Normal">
      <UniqueIdentifier>{3648e6f7-1656-49d1-a744-a8bcb2a80989}</UniqueIdentifier>
    </Filter>
    <Filter Include="Source Files\Syntax\Condition">
      <UniqueIdentifier>{f498241b-0e04-401d-9458-3ac5223fdd2e}</UniqueIdentifier>
    </Filter>
    <Filter Include="Source Files\Syntax\LeftRecursionInjection">
      <UniqueIdentifier>{d7696505-a479-480c-84af-e07f4522b0ce}</UniqueIdentifier>
    </Filter>
    <Filter Include="Source Files\Syntax\PrefixMerge">
      <UniqueIdentifier>{43af3cd2-1e56-44a7-8047-2d739b154aee}</UniqueIdentifier>
    </Filter>
  </ItemGroup>
  <ItemGroup>
    <ClCompile Include="TestError_Ast.cpp">
      <Filter>Source Files</Filter>
    </ClCompile>
    <ClCompile Include="TestError_Lexer.cpp">
      <Filter>Source Files</Filter>
    </ClCompile>
    <ClCompile Include="..\CommonMain.cpp">
      <Filter>Source Files\Shared</Filter>
    </ClCompile>
    <ClCompile Include="TestError_Syntax_Automaton.cpp">
      <Filter>Source Files\Syntax\Normal</Filter>
    </ClCompile>
    <ClCompile Include="TestError_Syntax_CalculateTypes.cpp">
      <Filter>Source Files\Syntax\Normal</Filter>
    </ClCompile>
    <ClCompile Include="TestError_Syntax_ResolveName.cpp">
      <Filter>Source Files\Syntax\Normal</Filter>
    </ClCompile>
    <ClCompile Include="TestError_Syntax_ValidateStructure.cpp">
      <Filter>Source Files\Syntax\Normal</Filter>
    </ClCompile>
    <ClCompile Include="TestError_Syntax_ValidateTypes.cpp">
      <Filter>Source Files\Syntax\Normal</Filter>
    </ClCompile>
    <ClCompile Include="TestError_Condition_ResolveName.cpp">
      <Filter>Source Files\Syntax\Condition</Filter>
    </ClCompile>
    <ClCompile Include="TestError_Lri_ValidateTypes.cpp">
      <Filter>Source Files\Syntax\LeftRecursionInjection</Filter>
    </ClCompile>
    <ClCompile Include="TestError_Lri_CalculateTypes.cpp">
      <Filter>Source Files\Syntax\LeftRecursionInjection</Filter>
    </ClCompile>
    <ClCompile Include="TestError_Lri_ResolveName.cpp">
      <Filter>Source Files\Syntax\LeftRecursionInjection</Filter>
    </ClCompile>
    <ClCompile Include="TestError_Lri_ValidateStructure.cpp">
      <Filter>Source Files\Syntax\LeftRecursionInjection</Filter>
    </ClCompile>
    <ClCompile Include="TestError.cpp">
      <Filter>Source Files</Filter>
    </ClCompile>
    <ClCompile Include="TestError_PrefixMerge_ValidateStructure.cpp">
      <Filter>Source Files\Syntax\PrefixMerge</Filter>
    </ClCompile>
    <ClCompile Include="TestError_PrefixMerge_ResolveName.cpp">
      <Filter>Source Files\Syntax\PrefixMerge</Filter>
    </ClCompile>
    <ClCompile Include="TestError_PrefixMerge_ValidateTypes.cpp">
      <Filter>Source Files\Syntax\PrefixMerge</Filter>
    </ClCompile>
    <ClCompile Include="TestError_CalculatorAstAndLexer.cpp">
      <Filter>Source Files</Filter>
    </ClCompile>
    <ClCompile Include="TestError_PrefixMerge_ValidateSwitches.cpp">
      <Filter>Source Files\Syntax\PrefixMerge</Filter>
    </ClCompile>
    <ClCompile Include="TestError_Condition_ValidateSwitches.cpp">
      <Filter>Source Files\Syntax\Condition</Filter>
    </ClCompile>
    <ClCompile Include="TestError_Condition_RewriteSyntax.cpp">
      <Filter>Source Files\Syntax\Condition</Filter>
    </ClCompile>
  </ItemGroup>
  <ItemGroup>
    <ClInclude Include="TestError.h">
      <Filter>Source Files</Filter>
    </ClInclude>
  </ItemGroup>
</Project>