<?xml version="1.0" encoding="utf-8"?>
<Project ToolsVersion="4.0" xmlns="http://schemas.microsoft.com/developer/msbuild/2003">
  <ItemGroup>
    <Filter Include="ParserGen">
      <UniqueIdentifier>{887492dd-adf3-4571-b3a2-20c0fe94e21d}</UniqueIdentifier>
    </Filter>
  </ItemGroup>
  <ItemGroup>
    <ClInclude Include="$(MSBuildThisFileDirectory)..\..\..\Source\ParserGen\ParserSymbol.h">
      <Filter>ParserGen</Filter>
    </ClInclude>
    <ClInclude Include="$(MSBuildThisFileDirectory)..\..\..\Source\ParserGen\ParserCppGen.h">
      <Filter>ParserGen</Filter>
    </ClInclude>
  </ItemGroup>
  <ItemGroup>
    <ClCompile Include="$(MSBuildThisFileDirectory)..\..\..\Source\ParserGen\ParserCppGen.cpp">
      <Filter>ParserGen</Filter>
    </ClCompile>
    <ClCompile Include="$(MSBuildThisFileDirectory)..\..\..\Source\ParserGen\ParserSymbol.cpp">
      <Filter>ParserGen</Filter>
    </ClCompile>
  </ItemGroup>
</Project>