<?xml version="1.0" encoding="utf-8"?>
<Project ToolsVersion="4.0" xmlns="http://schemas.microsoft.com/developer/msbuild/2003">
  <ItemGroup>
    <ClCompile Include="$(MSBuildThisFileDirectory)..\..\..\Source\ParserGen_Generated\ParserGen_Assembler.cpp">
      <Filter>ParserGen_Generated</Filter>
    </ClCompile>
    <ClCompile Include="$(MSBuildThisFileDirectory)..\..\..\Source\ParserGen_Generated\ParserGenTypeAst.cpp">
      <Filter>ParserGen_Generated\TypeAst</Filter>
    </ClCompile>
    <ClCompile Include="$(MSBuildThisFileDirectory)..\..\..\Source\ParserGen_Generated\ParserGenTypeAst_Builder.cpp">
      <Filter>ParserGen_Generated\TypeAst</Filter>
    </ClCompile>
    <ClCompile Include="$(MSBuildThisFileDirectory)..\..\..\Source\ParserGen_Generated\ParserGenTypeAst_Copy.cpp">
      <Filter>ParserGen_Generated\TypeAst</Filter>
    </ClCompile>
    <ClCompile Include="$(MSBuildThisFileDirectory)..\..\..\Source\ParserGen_Generated\ParserGenTypeAst_Empty.cpp">
      <Filter>ParserGen_Generated\TypeAst</Filter>
    </ClCompile>
    <ClCompile Include="$(MSBuildThisFileDirectory)..\..\..\Source\ParserGen_Generated\ParserGenTypeAst_Json.cpp">
      <Filter>ParserGen_Generated\TypeAst</Filter>
    </ClCompile>
    <ClCompile Include="$(MSBuildThisFileDirectory)..\..\..\Source\ParserGen_Generated\ParserGenTypeAst_Traverse.cpp">
      <Filter>ParserGen_Generated\TypeAst</Filter>
    </ClCompile>
    <ClCompile Include="$(MSBuildThisFileDirectory)..\..\..\Source\ParserGen_Generated\ParserGenRuleAst.cpp">
      <Filter>ParserGen_Generated\RuleAst</Filter>
    </ClCompile>
    <ClCompile Include="$(MSBuildThisFileDirectory)..\..\..\Source\ParserGen_Generated\ParserGenRuleAst_Builder.cpp">
      <Filter>ParserGen_Generated\RuleAst</Filter>
    </ClCompile>
    <ClCompile Include="$(MSBuildThisFileDirectory)..\..\..\Source\ParserGen_Generated\ParserGenRuleAst_Copy.cpp">
      <Filter>ParserGen_Generated\RuleAst</Filter>
    </ClCompile>
    <ClCompile Include="$(MSBuildThisFileDirectory)..\..\..\Source\ParserGen_Generated\ParserGenRuleAst_Empty.cpp">
      <Filter>ParserGen_Generated\RuleAst</Filter>
    </ClCompile>
    <ClCompile Include="$(MSBuildThisFileDirectory)..\..\..\Source\ParserGen_Generated\ParserGenRuleAst_Json.cpp">
      <Filter>ParserGen_Generated\RuleAst</Filter>
    </ClCompile>
    <ClCompile Include="$(MSBuildThisFileDirectory)..\..\..\Source\ParserGen_Generated\ParserGenRuleAst_Traverse.cpp">
      <Filter>ParserGen_Generated\RuleAst</Filter>
    </ClCompile>
    <ClCompile Include="$(MSBuildThisFileDirectory)..\..\..\Source\ParserGen_Generated\ParserGen_Lexer.cpp">
      <Filter>ParserGen_Generated</Filter>
    </ClCompile>
  </ItemGroup>
  <ItemGroup>
    <ClInclude Include="$(MSBuildThisFileDirectory)..\..\..\Source\ParserGen_Generated\ParserGen_Assembler.h">
      <Filter>ParserGen_Generated</Filter>
    </ClInclude>
    <ClInclude Include="$(MSBuildThisFileDirectory)..\..\..\Source\ParserGen_Generated\ParserGenTypeAst.h">
      <Filter>ParserGen_Generated\TypeAst</Filter>
    </ClInclude>
    <ClInclude Include="$(MSBuildThisFileDirectory)..\..\..\Source\ParserGen_Generated\ParserGenTypeAst_Builder.h">
      <Filter>ParserGen_Generated\TypeAst</Filter>
    </ClInclude>
    <ClInclude Include="$(MSBuildThisFileDirectory)..\..\..\Source\ParserGen_Generated\ParserGenTypeAst_Copy.h">
      <Filter>ParserGen_Generated\TypeAst</Filter>
    </ClInclude>
    <ClInclude Include="$(MSBuildThisFileDirectory)..\..\..\Source\ParserGen_Generated\ParserGenTypeAst_Empty.h">
      <Filter>ParserGen_Generated\TypeAst</Filter>
    </ClInclude>
    <ClInclude Include="$(MSBuildThisFileDirectory)..\..\..\Source\ParserGen_Generated\ParserGenTypeAst_Json.h">
      <Filter>ParserGen_Generated\TypeAst</Filter>
    </ClInclude>
    <ClInclude Include="$(MSBuildThisFileDirectory)..\..\..\Source\ParserGen_Generated\ParserGenTypeAst_Traverse.h">
      <Filter>ParserGen_Generated\TypeAst</Filter>
    </ClInclude>
    <ClInclude Include="$(MSBuildThisFileDirectory)..\..\..\Source\ParserGen_Generated\ParserGenRuleAst.h">
      <Filter>ParserGen_Generated\RuleAst</Filter>
    </ClInclude>
    <ClInclude Include="$(MSBuildThisFileDirectory)..\..\..\Source\ParserGen_Generated\ParserGenRuleAst_Builder.h">
      <Filter>ParserGen_Generated\RuleAst</Filter>
    </ClInclude>
    <ClInclude Include="$(MSBuildThisFileDirectory)..\..\..\Source\ParserGen_Generated\ParserGenRuleAst_Copy.h">
      <Filter>ParserGen_Generated\RuleAst</Filter>
    </ClInclude>
    <ClInclude Include="$(MSBuildThisFileDirectory)..\..\..\Source\ParserGen_Generated\ParserGenRuleAst_Empty.h">
      <Filter>ParserGen_Generated\RuleAst</Filter>
    </ClInclude>
    <ClInclude Include="$(MSBuildThisFileDirectory)..\..\..\Source\ParserGen_Generated\ParserGenRuleAst_Json.h">
      <Filter>ParserGen_Generated\RuleAst</Filter>
    </ClInclude>
    <ClInclude Include="$(MSBuildThisFileDirectory)..\..\..\Source\ParserGen_Generated\ParserGenRuleAst_Traverse.h">
      <Filter>ParserGen_Generated\RuleAst</Filter>
    </ClInclude>
    <ClInclude Include="$(MSBuildThisFileDirectory)..\..\..\Source\ParserGen_Generated\ParserGen_Lexer.h">
      <Filter>ParserGen_Generated</Filter>
    </ClInclude>
  </ItemGroup>
  <ItemGroup>
    <Filter Include="ParserGen_Generated">
      <UniqueIdentifier>{cbbf056a-f36f-48a8-a250-bf18eb0b32da}</UniqueIdentifier>
    </Filter>
    <Filter Include="ParserGen_Generated\TypeAst">
      <UniqueIdentifier>{415f1731-e5eb-45fd-9b7c-fcc3a10b520e}</UniqueIdentifier>
    </Filter>
    <Filter Include="ParserGen_Generated\RuleAst">
      <UniqueIdentifier>{7512ec81-a1bc-4856-92d7-49ac313be748}</UniqueIdentifier>
    </Filter>
  </ItemGroup>
</Project>