<?xml version="1.0" encoding="utf-8"?>
<Project ToolsVersion="4.0" xmlns="http://schemas.microsoft.com/developer/msbuild/2003">
  <ItemGroup>
    <ClCompile Include="$(MSBuildThisFileDirectory)..\..\..\Source\Ast\AstSymbol_CreateParserGenTypeAst.cpp">
      <Filter>Ast</Filter>
    </ClCompile>
    <ClCompile Include="$(MSBuildThisFileDirectory)..\..\..\Source\Ast\AstCppGen.cpp">
      <Filter>Ast</Filter>
    </ClCompile>
    <ClCompile Include="$(MSBuildThisFileDirectory)..\..\..\Source\Ast\AstSymbol.cpp">
      <Filter>Ast</Filter>
    </ClCompile>
    <ClCompile Include="$(MSBuildThisFileDirectory)..\..\..\Source\Ast\AstCppGen_Classes.cpp">
      <Filter>Ast</Filter>
    </ClCompile>
    <ClCompile Include="$(MSBuildThisFileDirectory)..\..\..\Source\Ast\AstCppGen_CopyVisitor.cpp">
      <Filter>Ast</Filter>
    </ClCompile>
    <ClCompile Include="$(MSBuildThisFileDirectory)..\..\..\Source\Ast\AstCppGen_EmptyVisitor.cpp">
      <Filter>Ast</Filter>
    </ClCompile>
    <ClCompile Include="$(MSBuildThisFileDirectory)..\..\..\Source\Ast\AstCppGen_TraverseVisitor.cpp">
      <Filter>Ast</Filter>
    </ClCompile>
    <ClCompile Include="$(MSBuildThisFileDirectory)..\..\..\Source\Ast\AstCppGen_JsonVisitor.cpp">
      <Filter>Ast</Filter>
    </ClCompile>
    <ClCompile Include="$(MSBuildThisFileDirectory)..\..\..\Source\Ast\AstCppGen_Builder.cpp">
      <Filter>Ast</Filter>
    </ClCompile>
  </ItemGroup>
  <ItemGroup>
    <ClInclude Include="$(MSBuildThisFileDirectory)..\..\..\Source\Ast\AstCppGen.h">
      <Filter>Ast</Filter>
    </ClInclude>
    <ClInclude Include="$(MSBuildThisFileDirectory)..\..\..\Source\Ast\AstSymbol.h">
      <Filter>Ast</Filter>
    </ClInclude>
  </ItemGroup>
  <ItemGroup>
    <Filter Include="Ast">
      <UniqueIdentifier>{8a93dd87-c4ce-4973-8f02-27de3d46f047}</UniqueIdentifier>
    </Filter>
  </ItemGroup>
</Project>