<?xml version="1.0" encoding="utf-8"?>
<Project ToolsVersion="4.0" xmlns="http://schemas.microsoft.com/developer/msbuild/2003">
  <ItemGroup>
    <Filter Include="Generated">
      <UniqueIdentifier>{a0aeff49-b3ac-466c-8252-608b4d873d71}</UniqueIdentifier>
    </Filter>
  </ItemGroup>
  <ItemGroup>
    <ClCompile Include="$(MSBuildThisFileDirectory)..\..\..\Source\Json\Generated\JsonJsonAst.cpp">
      <Filter>Generated</Filter>
    </ClCompile>
    <ClCompile Include="$(MSBuildThisFileDirectory)..\..\..\Source\Json\Generated\JsonJsonAst_Builder.cpp">
      <Filter>Generated</Filter>
    </ClCompile>
    <ClCompile Include="$(MSBuildThisFileDirectory)..\..\..\Source\Json\Generated\JsonJsonAst_Copy.cpp">
      <Filter>Generated</Filter>
    </ClCompile>
    <ClCompile Include="$(MSBuildThisFileDirectory)..\..\..\Source\Json\Generated\JsonJsonAst_Empty.cpp">
      <Filter>Generated</Filter>
    </ClCompile>
    <ClCompile Include="$(MSBuildThisFileDirectory)..\..\..\Source\Json\Generated\JsonJsonAst_Json.cpp">
      <Filter>Generated</Filter>
    </ClCompile>
    <ClCompile Include="$(MSBuildThisFileDirectory)..\..\..\Source\Json\Generated\JsonJsonAst_Traverse.cpp">
      <Filter>Generated</Filter>
    </ClCompile>
    <ClCompile Include="$(MSBuildThisFileDirectory)..\..\..\Source\Json\Generated\JsonJsonParser.cpp">
      <Filter>Generated</Filter>
    </ClCompile>
    <ClCompile Include="$(MSBuildThisFileDirectory)..\..\..\Source\Json\Generated\Json_Assembler.cpp">
      <Filter>Generated</Filter>
    </ClCompile>
    <ClCompile Include="$(MSBuildThisFileDirectory)..\..\..\Source\Json\Generated\Json_Lexer.cpp">
      <Filter>Generated</Filter>
    </ClCompile>
  </ItemGroup>
  <ItemGroup>
    <ClInclude Include="$(MSBuildThisFileDirectory)..\..\..\Source\Json\Generated\JsonJsonAst.h">
      <Filter>Generated</Filter>
    </ClInclude>
    <ClInclude Include="$(MSBuildThisFileDirectory)..\..\..\Source\Json\Generated\JsonJsonAst_Builder.h">
      <Filter>Generated</Filter>
    </ClInclude>
    <ClInclude Include="$(MSBuildThisFileDirectory)..\..\..\Source\Json\Generated\JsonJsonAst_Copy.h">
      <Filter>Generated</Filter>
    </ClInclude>
    <ClInclude Include="$(MSBuildThisFileDirectory)..\..\..\Source\Json\Generated\JsonJsonAst_Empty.h">
      <Filter>Generated</Filter>
    </ClInclude>
    <ClInclude Include="$(MSBuildThisFileDirectory)..\..\..\Source\Json\Generated\JsonJsonAst_Json.h">
      <Filter>Generated</Filter>
    </ClInclude>
    <ClInclude Include="$(MSBuildThisFileDirectory)..\..\..\Source\Json\Generated\JsonJsonAst_Traverse.h">
      <Filter>Generated</Filter>
    </ClInclude>
    <ClInclude Include="$(MSBuildThisFileDirectory)..\..\..\Source\Json\Generated\JsonJsonParser.h">
      <Filter>Generated</Filter>
    </ClInclude>
    <ClInclude Include="$(MSBuildThisFileDirectory)..\..\..\Source\Json\Generated\Json_Assembler.h">
      <Filter>Generated</Filter>
    </ClInclude>
    <ClInclude Include="$(MSBuildThisFileDirectory)..\..\..\Source\Json\Generated\Json_Lexer.h">
      <Filter>Generated</Filter>
    </ClInclude>
  </ItemGroup>
</Project>