
Microsoft Visual Studio Solution File, Format Version 12.00
# Visual Studio Version 16
VisualStudioVersion = 16.0.31729.503
MinimumVisualStudioVersion = 10.0.40219.1
Project("{8BC9CEB8-8B4A-11D0-8D11-00A0C91BC942}") = "ParserTest_AstGen", "ParserTest_AstGen\ParserTest_AstGen.vcxproj", "{5D677F91-9B11-43A1-8FE0-BC8D24600CB5}"
EndProject
Project("{8BC9CEB8-8B4A-11D0-8D11-00A0C91BC942}") = "Source_Import", "Source_Import\Source_Import.vcxitems", "{51F7B357-2EF7-4259-8128-F715D734825A}"
EndProject
Project("{8BC9CEB8-8B4A-11D0-8D11-00A0C91BC942}") = "Lib_Import", "Lib_Import\Lib_Import.vcxproj", "{C6A6A876-1F48-402A-B8DC-C94CFEF8B621}"
EndProject
Project("{2150E333-8FDC-42A3-9474-1A3956D46DE8}") = "Lib", "Lib", "{A4182D9E-845B-4393-AD92-42E4324BD207}"
EndProject
Project("{2150E333-8FDC-42A3-9474-1A3956D46DE8}") = "Source", "Source", "{78FAB17E-A937-4CB3-80E4-4116A27091CD}"
EndProject
Project("{8BC9CEB8-8B4A-11D0-8D11-00A0C91BC942}") = "Source_AstGen", "Source_AstGen\Source_AstGen.vcxitems", "{431966EE-9DD4-486A-BF7A-3A28280C56E4}"
EndProject
Project("{8BC9CEB8-8B4A-11D0-8D11-00A0C91BC942}") = "Source_ParserGen_Generated", "Source_ParserGen_Generated\Source_ParserGen_Generated.vcxitems", "{965B7B79-EA25-44F2-9D81-F348CE82DA0A}"
EndProject
Project("{8BC9CEB8-8B4A-11D0-8D11-00A0C91BC942}") = "ParserTest_AstParserGen", "ParserTest_AstParserGen\ParserTest_AstParserGen.vcxproj", "{584F2167-E0E0-404F-A5C7-8D508A2CA18D}"
EndProject
Project("{8BC9CEB8-8B4A-11D0-8D11-00A0C91BC942}") = "Lib_AstGen", "Lib_AstGen\Lib_AstGen.vcxproj", "{5B1D1E37-BB75-4352-AF18-7C5E2132A681}"
EndProject
Project("{8BC9CEB8-8B4A-11D0-8D11-00A0C91BC942}") = "Lib_ParserGen_Generated", "Lib_ParserGen_Generated\Lib_ParserGen_Generated.vcxproj", "{2720F3AB-784F-4916-B6ED-7041A9E379B7}"
EndProject
Project("{8BC9CEB8-8B4A-11D0-8D11-00A0C91BC942}") = "UnitTest_CalculatorAst", "UnitTest_CalculatorAst\UnitTest_CalculatorAst.vcxitems", "{6D5C9391-1C38-4871-930E-3C7618E7FEBB}"
EndProject
Project("{8BC9CEB8-8B4A-11D0-8D11-00A0C91BC942}") = "Source_LexerGen", "Source_LexerGen\Source_LexerGen.vcxitems", "{1FDF10A7-03B8-4B99-99C4-7E9927D3EBA2}"
EndProject
Project("{8BC9CEB8-8B4A-11D0-8D11-00A0C91BC942}") = "Lib_LexerGen", "Lib_LexerGen\Lib_LexerGen.vcxproj", "{8DADE995-B264-4F19-B4FE-CBA206EF70B4}"
EndProject
Project("{8BC9CEB8-8B4A-11D0-8D11-00A0C91BC942}") = "Source_AstBase", "Source_AstBase\Source_AstBase.vcxitems", "{3C9B022A-2F7A-4CD6-84F8-70A1C8158DBF}"
EndProject
Project("{8BC9CEB8-8B4A-11D0-8D11-00A0C91BC942}") = "Lib_AstBase", "Lib_AstBase\Lib_AstBase.vcxproj", "{8EF64899-BCB8-4000-AAF7-07A75398A74F}"
EndProject
Project("{8BC9CEB8-8B4A-11D0-8D11-00A0C91BC942}") = "Source_ParserGen_Global", "Source_ParserGen_Global\Source_ParserGen_Global.vcxitems", "{56AF0470-0B34-4969-959D-4F51F935C226}"
EndProject
Project("{8BC9CEB8-8B4A-11D0-8D11-00A0C91BC942}") = "Lib_ParserGen_Global", "Lib_ParserGen_Global\Lib_ParserGen_Global.vcxproj", "{87601EE4-1E15-4170-B88E-89B22D565E9B}"
EndProject
Project("{8BC9CEB8-8B4A-11D0-8D11-00A0C91BC942}") = "ParserTest_LexerAndParser", "ParserTest_LexerAndParser\ParserTest_LexerAndParser.vcxproj", "{58E6FEF6-F73B-4E60-9D7D-C8DC81D1BC77}"
EndProject
Project("{8BC9CEB8-8B4A-11D0-8D11-00A0C91BC942}") = "UnitTest_CalculatorLexer", "UnitTest_CalculatorLexer\UnitTest_CalculatorLexer.vcxitems", "{523E2888-91F4-41BA-B847-24A545C399AF}"
EndProject
Project("{8BC9CEB8-8B4A-11D0-8D11-00A0C91BC942}") = "Source_SyntaxGen", "Source_SyntaxGen\Source_SyntaxGen.vcxitems", "{49AB373D-69EF-4362-A401-CD2C2F8BF495}"
EndProject
Project("{8BC9CEB8-8B4A-11D0-8D11-00A0C91BC942}") = "Lib_SyntaxGen", "Lib_SyntaxGen\Lib_SyntaxGen.vcxproj", "{085BCE51-40EF-4011-A6FB-5916C48160F9}"
EndProject
Project("{8BC9CEB8-8B4A-11D0-8D11-00A0C91BC942}") = "Source_SyntaxBase", "Source_SyntaxBase\Source_SyntaxBase.vcxitems", "{5CAF306A-D021-452B-8E63-11CB169EF350}"
EndProject
Project("{8BC9CEB8-8B4A-11D0-8D11-00A0C91BC942}") = "Lib_SyntaxBase", "Lib_SyntaxBase\Lib_SyntaxBase.vcxproj", "{39971AEB-1970-4856-B3A4-F6E9AEC2909C}"
EndProject
Project("{8BC9CEB8-8B4A-11D0-8D11-00A0C91BC942}") = "UnitTest_CalculatorSyntax", "UnitTest_CalculatorSyntax\UnitTest_CalculatorSyntax.vcxitems", "{8EF7672C-35ED-495B-8715-B1687121FD2D}"
EndProject
Project("{8BC9CEB8-8B4A-11D0-8D11-00A0C91BC942}") = "ParserTest_ParserGen_Compiler", "ParserTest_ParserGen_Compiler\ParserTest_ParserGen_Compiler.vcxproj", "{DA913EAA-73F9-45B3-B524-117A5E010016}"
EndProject
Project("{8BC9CEB8-8B4A-11D0-8D11-00A0C91BC942}") = "Source_ParserGen_Compiler", "Source_ParserGen_Compiler\Source_ParserGen_Compiler.vcxitems", "{5D3F1C81-F063-481C-8599-D3793C1638FA}"
EndProject
Project("{8BC9CEB8-8B4A-11D0-8D11-00A0C91BC942}") = "Lib_ParserGen_Compiler", "Lib_ParserGen_Compiler\Lib_ParserGen_Compiler.vcxproj", "{EFFEBF6D-E507-4D8C-9332-23E00D9362FB}"
EndProject
Global
	GlobalSection(SharedMSBuildProjectFiles) = preSolution
		Source_SyntaxGen\Source_SyntaxGen.vcxitems*{085bce51-40ef-4011-a6fb-5916c48160f9}*SharedItemsImports = 4
		Source_LexerGen\Source_LexerGen.vcxitems*{1fdf10a7-03b8-4b99-99c4-7e9927d3eba2}*SharedItemsImports = 9
		Source_ParserGen_Generated\Source_ParserGen_Generated.vcxitems*{2720f3ab-784f-4916-b6ed-7041a9e379b7}*SharedItemsImports = 4
		Source_SyntaxBase\Source_SyntaxBase.vcxitems*{39971aeb-1970-4856-b3a4-f6e9aec2909c}*SharedItemsImports = 4
		Source_AstBase\Source_AstBase.vcxitems*{3c9b022a-2f7a-4cd6-84f8-70a1c8158dbf}*SharedItemsImports = 9
		Source_AstGen\Source_AstGen.vcxitems*{431966ee-9dd4-486a-bf7a-3a28280c56e4}*SharedItemsImports = 9
		Source_SyntaxGen\Source_SyntaxGen.vcxitems*{49ab373d-69ef-4362-a401-cd2c2f8bf495}*SharedItemsImports = 9
		Source_Import\Source_Import.vcxitems*{51f7b357-2ef7-4259-8128-f715d734825a}*SharedItemsImports = 9
		UnitTest_CalculatorLexer\UnitTest_CalculatorLexer.vcxitems*{523e2888-91f4-41ba-b847-24a545c399af}*SharedItemsImports = 9
		Source_ParserGen_Global\Source_ParserGen_Global.vcxitems*{56af0470-0b34-4969-959d-4f51f935c226}*SharedItemsImports = 9
		UnitTest_CalculatorAst\UnitTest_CalculatorAst.vcxitems*{584f2167-e0e0-404f-a5c7-8d508a2ca18d}*SharedItemsImports = 4
		UnitTest_CalculatorAst\UnitTest_CalculatorAst.vcxitems*{58e6fef6-f73b-4e60-9d7d-c8dc81d1bc77}*SharedItemsImports = 4
		UnitTest_CalculatorLexer\UnitTest_CalculatorLexer.vcxitems*{58e6fef6-f73b-4e60-9d7d-c8dc81d1bc77}*SharedItemsImports = 4
		Source_AstGen\Source_AstGen.vcxitems*{5b1d1e37-bb75-4352-af18-7c5e2132a681}*SharedItemsImports = 4
		Source_SyntaxBase\Source_SyntaxBase.vcxitems*{5caf306a-d021-452b-8e63-11cb169ef350}*SharedItemsImports = 9
		Source_ParserGen_Compiler\Source_ParserGen_Compiler.vcxitems*{5d3f1c81-f063-481c-8599-d3793c1638fa}*SharedItemsImports = 9
		UnitTest_CalculatorAst\UnitTest_CalculatorAst.vcxitems*{6d5c9391-1c38-4871-930e-3c7618e7febb}*SharedItemsImports = 9
		Source_ParserGen_Global\Source_ParserGen_Global.vcxitems*{87601ee4-1e15-4170-b88e-89b22d565e9b}*SharedItemsImports = 4
		Source_LexerGen\Source_LexerGen.vcxitems*{8dade995-b264-4f19-b4fe-cba206ef70b4}*SharedItemsImports = 4
		Source_AstBase\Source_AstBase.vcxitems*{8ef64899-bcb8-4000-aaf7-07a75398a74f}*SharedItemsImports = 4
		UnitTest_CalculatorSyntax\UnitTest_CalculatorSyntax.vcxitems*{8ef7672c-35ed-495b-8715-b1687121fd2d}*SharedItemsImports = 9
		Source_ParserGen_Generated\Source_ParserGen_Generated.vcxitems*{965b7b79-ea25-44f2-9d81-f348ce82da0a}*SharedItemsImports = 9
		Source_Import\Source_Import.vcxitems*{c6a6a876-1f48-402a-b8dc-c94cfef8b621}*SharedItemsImports = 4
		UnitTest_CalculatorAst\UnitTest_CalculatorAst.vcxitems*{da913eaa-73f9-45b3-b524-117a5e010016}*SharedItemsImports = 4
		UnitTest_CalculatorLexer\UnitTest_CalculatorLexer.vcxitems*{da913eaa-73f9-45b3-b524-117a5e010016}*SharedItemsImports = 4
		UnitTest_CalculatorSyntax\UnitTest_CalculatorSyntax.vcxitems*{da913eaa-73f9-45b3-b524-117a5e010016}*SharedItemsImports = 4
		Source_ParserGen_Compiler\Source_ParserGen_Compiler.vcxitems*{effebf6d-e507-4d8c-9332-23e00d9362fb}*SharedItemsImports = 4
	EndGlobalSection
	GlobalSection(SolutionConfigurationPlatforms) = preSolution
		Debug|x64 = Debug|x64
		Debug|x86 = Debug|x86
		Release|x64 = Release|x64
		Release|x86 = Release|x86
	EndGlobalSection
	GlobalSection(ProjectConfigurationPlatforms) = postSolution
		{5D677F91-9B11-43A1-8FE0-BC8D24600CB5}.Debug|x64.ActiveCfg = Debug|x64
		{5D677F91-9B11-43A1-8FE0-BC8D24600CB5}.Debug|x64.Build.0 = Debug|x64
		{5D677F91-9B11-43A1-8FE0-BC8D24600CB5}.Debug|x86.ActiveCfg = Debug|Win32
		{5D677F91-9B11-43A1-8FE0-BC8D24600CB5}.Debug|x86.Build.0 = Debug|Win32
		{5D677F91-9B11-43A1-8FE0-BC8D24600CB5}.Release|x64.ActiveCfg = Release|x64
		{5D677F91-9B11-43A1-8FE0-BC8D24600CB5}.Release|x64.Build.0 = Release|x64
		{5D677F91-9B11-43A1-8FE0-BC8D24600CB5}.Release|x86.ActiveCfg = Release|Win32
		{5D677F91-9B11-43A1-8FE0-BC8D24600CB5}.Release|x86.Build.0 = Release|Win32
		{C6A6A876-1F48-402A-B8DC-C94CFEF8B621}.Debug|x64.ActiveCfg = Debug|x64
		{C6A6A876-1F48-402A-B8DC-C94CFEF8B621}.Debug|x64.Build.0 = Debug|x64
		{C6A6A876-1F48-402A-B8DC-C94CFEF8B621}.Debug|x86.ActiveCfg = Debug|Win32
		{C6A6A876-1F48-402A-B8DC-C94CFEF8B621}.Debug|x86.Build.0 = Debug|Win32
		{C6A6A876-1F48-402A-B8DC-C94CFEF8B621}.Release|x64.ActiveCfg = Release|x64
		{C6A6A876-1F48-402A-B8DC-C94CFEF8B621}.Release|x64.Build.0 = Release|x64
		{C6A6A876-1F48-402A-B8DC-C94CFEF8B621}.Release|x86.ActiveCfg = Release|Win32
		{C6A6A876-1F48-402A-B8DC-C94CFEF8B621}.Release|x86.Build.0 = Release|Win32
		{584F2167-E0E0-404F-A5C7-8D508A2CA18D}.Debug|x64.ActiveCfg = Debug|x64
		{584F2167-E0E0-404F-A5C7-8D508A2CA18D}.Debug|x64.Build.0 = Debug|x64
		{584F2167-E0E0-404F-A5C7-8D508A2CA18D}.Debug|x86.ActiveCfg = Debug|Win32
		{584F2167-E0E0-404F-A5C7-8D508A2CA18D}.Debug|x86.Build.0 = Debug|Win32
		{584F2167-E0E0-404F-A5C7-8D508A2CA18D}.Release|x64.ActiveCfg = Release|x64
		{584F2167-E0E0-404F-A5C7-8D508A2CA18D}.Release|x64.Build.0 = Release|x64
		{584F2167-E0E0-404F-A5C7-8D508A2CA18D}.Release|x86.ActiveCfg = Release|Win32
		{584F2167-E0E0-404F-A5C7-8D508A2CA18D}.Release|x86.Build.0 = Release|Win32
		{5B1D1E37-BB75-4352-AF18-7C5E2132A681}.Debug|x64.ActiveCfg = Debug|x64
		{5B1D1E37-BB75-4352-AF18-7C5E2132A681}.Debug|x64.Build.0 = Debug|x64
		{5B1D1E37-BB75-4352-AF18-7C5E2132A681}.Debug|x86.ActiveCfg = Debug|Win32
		{5B1D1E37-BB75-4352-AF18-7C5E2132A681}.Debug|x86.Build.0 = Debug|Win32
		{5B1D1E37-BB75-4352-AF18-7C5E2132A681}.Release|x64.ActiveCfg = Release|x64
		{5B1D1E37-BB75-4352-AF18-7C5E2132A681}.Release|x64.Build.0 = Release|x64
		{5B1D1E37-BB75-4352-AF18-7C5E2132A681}.Release|x86.ActiveCfg = Release|Win32
		{5B1D1E37-BB75-4352-AF18-7C5E2132A681}.Release|x86.Build.0 = Release|Win32
		{2720F3AB-784F-4916-B6ED-7041A9E379B7}.Debug|x64.ActiveCfg = Debug|x64
		{2720F3AB-784F-4916-B6ED-7041A9E379B7}.Debug|x64.Build.0 = Debug|x64
		{2720F3AB-784F-4916-B6ED-7041A9E379B7}.Debug|x86.ActiveCfg = Debug|Win32
		{2720F3AB-784F-4916-B6ED-7041A9E379B7}.Debug|x86.Build.0 = Debug|Win32
		{2720F3AB-784F-4916-B6ED-7041A9E379B7}.Release|x64.ActiveCfg = Release|x64
		{2720F3AB-784F-4916-B6ED-7041A9E379B7}.Release|x64.Build.0 = Release|x64
		{2720F3AB-784F-4916-B6ED-7041A9E379B7}.Release|x86.ActiveCfg = Release|Win32
		{2720F3AB-784F-4916-B6ED-7041A9E379B7}.Release|x86.Build.0 = Release|Win32
		{8DADE995-B264-4F19-B4FE-CBA206EF70B4}.Debug|x64.ActiveCfg = Debug|x64
		{8DADE995-B264-4F19-B4FE-CBA206EF70B4}.Debug|x64.Build.0 = Debug|x64
		{8DADE995-B264-4F19-B4FE-CBA206EF70B4}.Debug|x86.ActiveCfg = Debug|Win32
		{8DADE995-B264-4F19-B4FE-CBA206EF70B4}.Debug|x86.Build.0 = Debug|Win32
		{8DADE995-B264-4F19-B4FE-CBA206EF70B4}.Release|x64.ActiveCfg = Release|x64
		{8DADE995-B264-4F19-B4FE-CBA206EF70B4}.Release|x64.Build.0 = Release|x64
		{8DADE995-B264-4F19-B4FE-CBA206EF70B4}.Release|x86.ActiveCfg = Release|Win32
		{8DADE995-B264-4F19-B4FE-CBA206EF70B4}.Release|x86.Build.0 = Release|Win32
		{8EF64899-BCB8-4000-AAF7-07A75398A74F}.Debug|x64.ActiveCfg = Debug|x64
		{8EF64899-BCB8-4000-AAF7-07A75398A74F}.Debug|x64.Build.0 = Debug|x64
		{8EF64899-BCB8-4000-AAF7-07A75398A74F}.Debug|x86.ActiveCfg = Debug|Win32
		{8EF64899-BCB8-4000-AAF7-07A75398A74F}.Debug|x86.Build.0 = Debug|Win32
		{8EF64899-BCB8-4000-AAF7-07A75398A74F}.Release|x64.ActiveCfg = Release|x64
		{8EF64899-BCB8-4000-AAF7-07A75398A74F}.Release|x64.Build.0 = Release|x64
		{8EF64899-BCB8-4000-AAF7-07A75398A74F}.Release|x86.ActiveCfg = Release|Win32
		{8EF64899-BCB8-4000-AAF7-07A75398A74F}.Release|x86.Build.0 = Release|Win32
		{87601EE4-1E15-4170-B88E-89B22D565E9B}.Debug|x64.ActiveCfg = Debug|x64
		{87601EE4-1E15-4170-B88E-89B22D565E9B}.Debug|x64.Build.0 = Debug|x64
		{87601EE4-1E15-4170-B88E-89B22D565E9B}.Debug|x86.ActiveCfg = Debug|Win32
		{87601EE4-1E15-4170-B88E-89B22D565E9B}.Debug|x86.Build.0 = Debug|Win32
		{87601EE4-1E15-4170-B88E-89B22D565E9B}.Release|x64.ActiveCfg = Release|x64
		{87601EE4-1E15-4170-B88E-89B22D565E9B}.Release|x64.Build.0 = Release|x64
		{87601EE4-1E15-4170-B88E-89B22D565E9B}.Release|x86.ActiveCfg = Release|Win32
		{87601EE4-1E15-4170-B88E-89B22D565E9B}.Release|x86.Build.0 = Release|Win32
		{58E6FEF6-F73B-4E60-9D7D-C8DC81D1BC77}.Debug|x64.ActiveCfg = Debug|x64
		{58E6FEF6-F73B-4E60-9D7D-C8DC81D1BC77}.Debug|x64.Build.0 = Debug|x64
		{58E6FEF6-F73B-4E60-9D7D-C8DC81D1BC77}.Debug|x86.ActiveCfg = Debug|Win32
		{58E6FEF6-F73B-4E60-9D7D-C8DC81D1BC77}.Debug|x86.Build.0 = Debug|Win32
		{58E6FEF6-F73B-4E60-9D7D-C8DC81D1BC77}.Release|x64.ActiveCfg = Release|x64
		{58E6FEF6-F73B-4E60-9D7D-C8DC81D1BC77}.Release|x64.Build.0 = Release|x64
		{58E6FEF6-F73B-4E60-9D7D-C8DC81D1BC77}.Release|x86.ActiveCfg = Release|Win32
		{58E6FEF6-F73B-4E60-9D7D-C8DC81D1BC77}.Release|x86.Build.0 = Release|Win32
		{085BCE51-40EF-4011-A6FB-5916C48160F9}.Debug|x64.ActiveCfg = Debug|x64
		{085BCE51-40EF-4011-A6FB-5916C48160F9}.Debug|x64.Build.0 = Debug|x64
		{085BCE51-40EF-4011-A6FB-5916C48160F9}.Debug|x86.ActiveCfg = Debug|Win32
		{085BCE51-40EF-4011-A6FB-5916C48160F9}.Debug|x86.Build.0 = Debug|Win32
		{085BCE51-40EF-4011-A6FB-5916C48160F9}.Release|x64.ActiveCfg = Release|x64
		{085BCE51-40EF-4011-A6FB-5916C48160F9}.Release|x64.Build.0 = Release|x64
		{085BCE51-40EF-4011-A6FB-5916C48160F9}.Release|x86.ActiveCfg = Release|Win32
		{085BCE51-40EF-4011-A6FB-5916C48160F9}.Release|x86.Build.0 = Release|Win32
		{39971AEB-1970-4856-B3A4-F6E9AEC2909C}.Debug|x64.ActiveCfg = Debug|x64
		{39971AEB-1970-4856-B3A4-F6E9AEC2909C}.Debug|x64.Build.0 = Debug|x64
		{39971AEB-1970-4856-B3A4-F6E9AEC2909C}.Debug|x86.ActiveCfg = Debug|Win32
		{39971AEB-1970-4856-B3A4-F6E9AEC2909C}.Debug|x86.Build.0 = Debug|Win32
		{39971AEB-1970-4856-B3A4-F6E9AEC2909C}.Release|x64.ActiveCfg = Release|x64
		{39971AEB-1970-4856-B3A4-F6E9AEC2909C}.Release|x64.Build.0 = Release|x64
		{39971AEB-1970-4856-B3A4-F6E9AEC2909C}.Release|x86.ActiveCfg = Release|Win32
		{39971AEB-1970-4856-B3A4-F6E9AEC2909C}.Release|x86.Build.0 = Release|Win32
		{DA913EAA-73F9-45B3-B524-117A5E010016}.Debug|x64.ActiveCfg = Debug|x64
		{DA913EAA-73F9-45B3-B524-117A5E010016}.Debug|x64.Build.0 = Debug|x64
		{DA913EAA-73F9-45B3-B524-117A5E010016}.Debug|x86.ActiveCfg = Debug|Win32
		{DA913EAA-73F9-45B3-B524-117A5E010016}.Debug|x86.Build.0 = Debug|Win32
		{DA913EAA-73F9-45B3-B524-117A5E010016}.Release|x64.ActiveCfg = Release|x64
		{DA913EAA-73F9-45B3-B524-117A5E010016}.Release|x64.Build.0 = Release|x64
		{DA913EAA-73F9-45B3-B524-117A5E010016}.Release|x86.ActiveCfg = Release|Win32
		{DA913EAA-73F9-45B3-B524-117A5E010016}.Release|x86.Build.0 = Release|Win32
		{EFFEBF6D-E507-4D8C-9332-23E00D9362FB}.Debug|x64.ActiveCfg = Debug|x64
		{EFFEBF6D-E507-4D8C-9332-23E00D9362FB}.Debug|x64.Build.0 = Debug|x64
		{EFFEBF6D-E507-4D8C-9332-23E00D9362FB}.Debug|x86.ActiveCfg = Debug|Win32
		{EFFEBF6D-E507-4D8C-9332-23E00D9362FB}.Debug|x86.Build.0 = Debug|Win32
		{EFFEBF6D-E507-4D8C-9332-23E00D9362FB}.Release|x64.ActiveCfg = Release|x64
		{EFFEBF6D-E507-4D8C-9332-23E00D9362FB}.Release|x64.Build.0 = Release|x64
		{EFFEBF6D-E507-4D8C-9332-23E00D9362FB}.Release|x86.ActiveCfg = Release|Win32
		{EFFEBF6D-E507-4D8C-9332-23E00D9362FB}.Release|x86.Build.0 = Release|Win32
	EndGlobalSection
	GlobalSection(SolutionProperties) = preSolution
		HideSolutionNode = FALSE
	EndGlobalSection
	GlobalSection(NestedProjects) = preSolution
		{51F7B357-2EF7-4259-8128-F715D734825A} = {78FAB17E-A937-4CB3-80E4-4116A27091CD}
		{C6A6A876-1F48-402A-B8DC-C94CFEF8B621} = {A4182D9E-845B-4393-AD92-42E4324BD207}
		{431966EE-9DD4-486A-BF7A-3A28280C56E4} = {78FAB17E-A937-4CB3-80E4-4116A27091CD}
		{965B7B79-EA25-44F2-9D81-F348CE82DA0A} = {78FAB17E-A937-4CB3-80E4-4116A27091CD}
		{5B1D1E37-BB75-4352-AF18-7C5E2132A681} = {A4182D9E-845B-4393-AD92-42E4324BD207}
		{2720F3AB-784F-4916-B6ED-7041A9E379B7} = {A4182D9E-845B-4393-AD92-42E4324BD207}
		{6D5C9391-1C38-4871-930E-3C7618E7FEBB} = {78FAB17E-A937-4CB3-80E4-4116A27091CD}
		{1FDF10A7-03B8-4B99-99C4-7E9927D3EBA2} = {78FAB17E-A937-4CB3-80E4-4116A27091CD}
		{8DADE995-B264-4F19-B4FE-CBA206EF70B4} = {A4182D9E-845B-4393-AD92-42E4324BD207}
		{3C9B022A-2F7A-4CD6-84F8-70A1C8158DBF} = {78FAB17E-A937-4CB3-80E4-4116A27091CD}
		{8EF64899-BCB8-4000-AAF7-07A75398A74F} = {A4182D9E-845B-4393-AD92-42E4324BD207}
		{56AF0470-0B34-4969-959D-4F51F935C226} = {78FAB17E-A937-4CB3-80E4-4116A27091CD}
		{87601EE4-1E15-4170-B88E-89B22D565E9B} = {A4182D9E-845B-4393-AD92-42E4324BD207}
		{523E2888-91F4-41BA-B847-24A545C399AF} = {78FAB17E-A937-4CB3-80E4-4116A27091CD}
		{49AB373D-69EF-4362-A401-CD2C2F8BF495} = {78FAB17E-A937-4CB3-80E4-4116A27091CD}
		{085BCE51-40EF-4011-A6FB-5916C48160F9} = {A4182D9E-845B-4393-AD92-42E4324BD207}
		{5CAF306A-D021-452B-8E63-11CB169EF350} = {78FAB17E-A937-4CB3-80E4-4116A27091CD}
		{39971AEB-1970-4856-B3A4-F6E9AEC2909C} = {A4182D9E-845B-4393-AD92-42E4324BD207}
		{8EF7672C-35ED-495B-8715-B1687121FD2D} = {78FAB17E-A937-4CB3-80E4-4116A27091CD}
		{5D3F1C81-F063-481C-8599-D3793C1638FA} = {78FAB17E-A937-4CB3-80E4-4116A27091CD}
		{EFFEBF6D-E507-4D8C-9332-23E00D9362FB} = {A4182D9E-845B-4393-AD92-42E4324BD207}
	EndGlobalSection
	GlobalSection(ExtensibilityGlobals) = postSolution
		SolutionGuid = {A920A086-AFE9-46E0-8A05-321A1B31E493}
	EndGlobalSection
EndGlobal
