
Microsoft Visual Studio Solution File, Format Version 12.00
# Visual Studio Version 16
VisualStudioVersion = 16.0.31729.503
MinimumVisualStudioVersion = 10.0.40219.1
Project("{8BC9CEB8-8B4A-11D0-8D11-00A0C91BC942}") = "ParserTest_AstGen", "ParserTest_AstGen\ParserTest_AstGen.vcxproj", "{5D677F91-9B11-43A1-8FE0-BC8D24600CB5}"
EndProject
Project("{8BC9CEB8-8B4A-11D0-8D11-00A0C91BC942}") = "Source_Import", "Source_Import\Source_Import.vcxitems", "{51F7B357-2EF7-4259-8128-F715D734825A}"
EndProject
Project("{8BC9CEB8-8B4A-11D0-8D11-00A0C91BC942}") = "Lib_Import", "Lib_Import\Lib_Import.vcxproj", "{C6A6A876-1F48-402A-B8DC-C94CFEF8B621}"
EndProject
Project("{2150E333-8FDC-42A3-9474-1A3956D46DE8}") = "Lib", "Lib", "{A4182D9E-845B-4393-AD92-42E4324BD207}"
EndProject
Project("{2150E333-8FDC-42A3-9474-1A3956D46DE8}") = "Source", "Source", "{78FAB17E-A937-4CB3-80E4-4116A27091CD}"
EndProject
Project("{8BC9CEB8-8B4A-11D0-8D11-00A0C91BC942}") = "Source_AstGen", "Source_AstGen\Source_AstGen.vcxitems", "{431966EE-9DD4-486A-BF7A-3A28280C56E4}"
EndProject
Project("{8BC9CEB8-8B4A-11D0-8D11-00A0C91BC942}") = "Source_AstParserGen", "Source_AstParserGen\Source_AstParserGen.vcxitems", "{965B7B79-EA25-44F2-9D81-F348CE82DA0A}"
EndProject
Project("{8BC9CEB8-8B4A-11D0-8D11-00A0C91BC942}") = "ParserTest_AstParserGen", "ParserTest_AstParserGen\ParserTest_AstParserGen.vcxproj", "{584F2167-E0E0-404F-A5C7-8D508A2CA18D}"
EndProject
Global
	GlobalSection(SharedMSBuildProjectFiles) = preSolution
		Source_AstGen\Source_AstGen.vcxitems*{431966ee-9dd4-486a-bf7a-3a28280c56e4}*SharedItemsImports = 9
		Source_Import\Source_Import.vcxitems*{51f7b357-2ef7-4259-8128-f715d734825a}*SharedItemsImports = 9
		Source_AstParserGen\Source_AstParserGen.vcxitems*{584f2167-e0e0-404f-a5c7-8d508a2ca18d}*SharedItemsImports = 4
		Source_AstGen\Source_AstGen.vcxitems*{5d677f91-9b11-43a1-8fe0-bc8d24600cb5}*SharedItemsImports = 4
		Source_AstParserGen\Source_AstParserGen.vcxitems*{965b7b79-ea25-44f2-9d81-f348ce82da0a}*SharedItemsImports = 9
		Source_Import\Source_Import.vcxitems*{c6a6a876-1f48-402a-b8dc-c94cfef8b621}*SharedItemsImports = 4
	EndGlobalSection
	GlobalSection(SolutionConfigurationPlatforms) = preSolution
		Debug|x64 = Debug|x64
		Debug|x86 = Debug|x86
		Release|x64 = Release|x64
		Release|x86 = Release|x86
	EndGlobalSection
	GlobalSection(ProjectConfigurationPlatforms) = postSolution
		{5D677F91-9B11-43A1-8FE0-BC8D24600CB5}.Debug|x64.ActiveCfg = Debug|x64
		{5D677F91-9B11-43A1-8FE0-BC8D24600CB5}.Debug|x64.Build.0 = Debug|x64
		{5D677F91-9B11-43A1-8FE0-BC8D24600CB5}.Debug|x86.ActiveCfg = Debug|Win32
		{5D677F91-9B11-43A1-8FE0-BC8D24600CB5}.Debug|x86.Build.0 = Debug|Win32
		{5D677F91-9B11-43A1-8FE0-BC8D24600CB5}.Release|x64.ActiveCfg = Release|x64
		{5D677F91-9B11-43A1-8FE0-BC8D24600CB5}.Release|x64.Build.0 = Release|x64
		{5D677F91-9B11-43A1-8FE0-BC8D24600CB5}.Release|x86.ActiveCfg = Release|Win32
		{5D677F91-9B11-43A1-8FE0-BC8D24600CB5}.Release|x86.Build.0 = Release|Win32
		{C6A6A876-1F48-402A-B8DC-C94CFEF8B621}.Debug|x64.ActiveCfg = Debug|x64
		{C6A6A876-1F48-402A-B8DC-C94CFEF8B621}.Debug|x64.Build.0 = Debug|x64
		{C6A6A876-1F48-402A-B8DC-C94CFEF8B621}.Debug|x86.ActiveCfg = Debug|Win32
		{C6A6A876-1F48-402A-B8DC-C94CFEF8B621}.Debug|x86.Build.0 = Debug|Win32
		{C6A6A876-1F48-402A-B8DC-C94CFEF8B621}.Release|x64.ActiveCfg = Release|x64
		{C6A6A876-1F48-402A-B8DC-C94CFEF8B621}.Release|x64.Build.0 = Release|x64
		{C6A6A876-1F48-402A-B8DC-C94CFEF8B621}.Release|x86.ActiveCfg = Release|Win32
		{C6A6A876-1F48-402A-B8DC-C94CFEF8B621}.Release|x86.Build.0 = Release|Win32
		{584F2167-E0E0-404F-A5C7-8D508A2CA18D}.Debug|x64.ActiveCfg = Debug|x64
		{584F2167-E0E0-404F-A5C7-8D508A2CA18D}.Debug|x64.Build.0 = Debug|x64
		{584F2167-E0E0-404F-A5C7-8D508A2CA18D}.Debug|x86.ActiveCfg = Debug|Win32
		{584F2167-E0E0-404F-A5C7-8D508A2CA18D}.Debug|x86.Build.0 = Debug|Win32
		{584F2167-E0E0-404F-A5C7-8D508A2CA18D}.Release|x64.ActiveCfg = Release|x64
		{584F2167-E0E0-404F-A5C7-8D508A2CA18D}.Release|x64.Build.0 = Release|x64
		{584F2167-E0E0-404F-A5C7-8D508A2CA18D}.Release|x86.ActiveCfg = Release|Win32
		{584F2167-E0E0-404F-A5C7-8D508A2CA18D}.Release|x86.Build.0 = Release|Win32
	EndGlobalSection
	GlobalSection(SolutionProperties) = preSolution
		HideSolutionNode = FALSE
	EndGlobalSection
	GlobalSection(NestedProjects) = preSolution
		{51F7B357-2EF7-4259-8128-F715D734825A} = {78FAB17E-A937-4CB3-80E4-4116A27091CD}
		{C6A6A876-1F48-402A-B8DC-C94CFEF8B621} = {A4182D9E-845B-4393-AD92-42E4324BD207}
		{431966EE-9DD4-486A-BF7A-3A28280C56E4} = {78FAB17E-A937-4CB3-80E4-4116A27091CD}
		{965B7B79-EA25-44F2-9D81-F348CE82DA0A} = {78FAB17E-A937-4CB3-80E4-4116A27091CD}
	EndGlobalSection
	GlobalSection(ExtensibilityGlobals) = postSolution
		SolutionGuid = {A920A086-AFE9-46E0-8A05-321A1B31E493}
	EndGlobalSection
EndGlobal
