<?xml version="1.0" encoding="utf-8"?>
<Project ToolsVersion="4.0" xmlns="http://schemas.microsoft.com/developer/msbuild/2003">
  <ItemGroup>
    <Filter Include="Source Files">
      <UniqueIdentifier>{4FC737F1-C7A5-4376-A066-2A32D752A2FF}</UniqueIdentifier>
      <Extensions>cpp;c;cc;cxx;c++;cppm;ixx;def;odl;idl;hpj;bat;asm;asmx</Extensions>
    </Filter>
    <Filter Include="Header Files">
      <UniqueIdentifier>{93995380-89BD-4b04-88EB-625FBE52EBFB}</UniqueIdentifier>
      <Extensions>h;hh;hpp;hxx;h++;hm;inl;inc;ipp;xsd</Extensions>
    </Filter>
    <Filter Include="Resource Files">
      <UniqueIdentifier>{67DA6AB6-F800-4c08-8B7A-83BB121AAD01}</UniqueIdentifier>
      <Extensions>rc;ico;cur;bmp;dlg;rc2;rct;bin;rgs;gif;jpg;jpeg;jpe;resx;tiff;tif;png;wav;mfcribbon-ms</Extensions>
    </Filter>
    <Filter Include="Source Files\Shared">
      <UniqueIdentifier>{8fc36f38-5216-4ee5-8ae1-00630c951ec9}</UniqueIdentifier>
    </Filter>
    <Filter Include="Source Files\Generated">
      <UniqueIdentifier>{ffaf2fbc-2c38-4274-b24e-763cdc5d2a8c}</UniqueIdentifier>
    </Filter>
    <Filter Include="Source Files\Generated\Calculator">
      <UniqueIdentifier>{627c9b43-78fa-43c7-be8d-bf8073d1d16c}</UniqueIdentifier>
    </Filter>
    <Filter Include="Source Files\Generated\IfElseAmbiguity">
      <UniqueIdentifier>{362f64ae-cb22-4102-bf8c-77694cc9b153}</UniqueIdentifier>
    </Filter>
    <Filter Include="Source Files\Generated\IfElsePriority">
      <UniqueIdentifier>{2e582282-0fa6-4aa6-80fd-d573fbc0ecdc}</UniqueIdentifier>
    </Filter>
    <Filter Include="Source Files\Generated\GenericAmbiguity">
      <UniqueIdentifier>{d4433a0f-d75e-4bd2-886c-63af429453c3}</UniqueIdentifier>
    </Filter>
    <Filter Include="Source Files\Generated\FeatureTest">
      <UniqueIdentifier>{8650cc4c-eff2-4aaa-b823-14539ab3ec69}</UniqueIdentifier>
    </Filter>
    <Filter Include="Source Files\Generated\BinaryOp">
      <UniqueIdentifier>{4438e956-1d62-4909-8773-2bebf105a675}</UniqueIdentifier>
    </Filter>
    <Filter Include="Source Files\Generated\IfElseSwitch">
      <UniqueIdentifier>{8387238f-7382-488d-b905-e40333a57b54}</UniqueIdentifier>
    </Filter>
    <Filter Include="Source Files\Generated\IfElseManual">
      <UniqueIdentifier>{400ca0c5-b246-42c5-ad37-6d27c5492bf1}</UniqueIdentifier>
    </Filter>
    <Filter Include="Source Files\Generated\IfElseAmbiguity2">
      <UniqueIdentifier>{419817f7-c7c1-481d-b5de-52823f8de664}</UniqueIdentifier>
    </Filter>
    <Filter Include="Source Files\Generated\PrefixSubset">
      <UniqueIdentifier>{a9f3717b-cb9f-4df2-9e42-d841e98e0b96}</UniqueIdentifier>
    </Filter>
    <Filter Include="Source Files\Generated\PrefixSubset2">
      <UniqueIdentifier>{0cad3bac-ba8e-445e-9d91-9614f8171732}</UniqueIdentifier>
    </Filter>
    <Filter Include="Source Files\Generated\PrefixSubset3">
      <UniqueIdentifier>{01e5b48e-277c-4fc3-8fbc-e433933b6923}</UniqueIdentifier>
    </Filter>
    <Filter Include="Source Files\Generated\PrefixSubset4">
      <UniqueIdentifier>{5df6ce3e-c4d0-4160-930b-f8a97aa727cb}</UniqueIdentifier>
    </Filter>
    <Filter Include="Source Files\Generated\PrefixSubset5">
      <UniqueIdentifier>{12e532da-a92e-492b-ab11-8e76f05bb054}</UniqueIdentifier>
    </Filter>
  </ItemGroup>
  <ItemGroup>
    <ClCompile Include="..\..\Source\Calculator\Generated\CalculatorExprAst_Json.cpp">
      <Filter>Source Files\Generated\Calculator</Filter>
    </ClCompile>
    <ClCompile Include="..\..\Source\Calculator\Generated\CalculatorExprAst_Traverse.cpp">
      <Filter>Source Files\Generated\Calculator</Filter>
    </ClCompile>
    <ClCompile Include="..\..\Source\Calculator\Generated\CalculatorModuleParser.cpp">
      <Filter>Source Files\Generated\Calculator</Filter>
    </ClCompile>
    <ClCompile Include="..\..\Source\Calculator\Generated\Calculator_Assembler.cpp">
      <Filter>Source Files\Generated\Calculator</Filter>
    </ClCompile>
    <ClCompile Include="..\..\Source\Calculator\Generated\Calculator_Lexer.cpp">
      <Filter>Source Files\Generated\Calculator</Filter>
    </ClCompile>
    <ClCompile Include="..\..\Source\Calculator\Generated\CalculatorExprAst.cpp">
      <Filter>Source Files\Generated\Calculator</Filter>
    </ClCompile>
    <ClCompile Include="..\..\Source\Calculator\Generated\CalculatorExprAst_Builder.cpp">
      <Filter>Source Files\Generated\Calculator</Filter>
    </ClCompile>
    <ClCompile Include="..\..\Source\Calculator\Generated\CalculatorExprAst_Copy.cpp">
      <Filter>Source Files\Generated\Calculator</Filter>
    </ClCompile>
    <ClCompile Include="..\..\Source\Calculator\Generated\CalculatorExprAst_Empty.cpp">
      <Filter>Source Files\Generated\Calculator</Filter>
    </ClCompile>
    <ClCompile Include="TestParser_Generated.cpp">
      <Filter>Source Files</Filter>
    </ClCompile>
    <ClCompile Include="..\..\Source\IfElseAmbiguity\Generated\IfElseAmbiguity_Assembler.cpp">
      <Filter>Source Files\Generated\IfElseAmbiguity</Filter>
    </ClCompile>
    <ClCompile Include="..\..\Source\IfElseAmbiguity\Generated\IfElseAmbiguity_Lexer.cpp">
      <Filter>Source Files\Generated\IfElseAmbiguity</Filter>
    </ClCompile>
    <ClCompile Include="..\..\Source\IfElseAmbiguity\Generated\IfElseAmbiguityModuleParser.cpp">
      <Filter>Source Files\Generated\IfElseAmbiguity</Filter>
    </ClCompile>
    <ClCompile Include="..\..\Source\IfElseAmbiguity\Generated\IfElseAmbiguityStatAst.cpp">
      <Filter>Source Files\Generated\IfElseAmbiguity</Filter>
    </ClCompile>
    <ClCompile Include="..\..\Source\IfElseAmbiguity\Generated\IfElseAmbiguityStatAst_Builder.cpp">
      <Filter>Source Files\Generated\IfElseAmbiguity</Filter>
    </ClCompile>
    <ClCompile Include="..\..\Source\IfElseAmbiguity\Generated\IfElseAmbiguityStatAst_Copy.cpp">
      <Filter>Source Files\Generated\IfElseAmbiguity</Filter>
    </ClCompile>
    <ClCompile Include="..\..\Source\IfElseAmbiguity\Generated\IfElseAmbiguityStatAst_Empty.cpp">
      <Filter>Source Files\Generated\IfElseAmbiguity</Filter>
    </ClCompile>
    <ClCompile Include="..\..\Source\IfElseAmbiguity\Generated\IfElseAmbiguityStatAst_Json.cpp">
      <Filter>Source Files\Generated\IfElseAmbiguity</Filter>
    </ClCompile>
    <ClCompile Include="..\..\Source\IfElseAmbiguity\Generated\IfElseAmbiguityStatAst_Traverse.cpp">
      <Filter>Source Files\Generated\IfElseAmbiguity</Filter>
    </ClCompile>
    <ClCompile Include="..\..\Source\IfElsePriority\Generated\IfElsePriorityStatAst_Json.cpp">
      <Filter>Source Files\Generated\IfElsePriority</Filter>
    </ClCompile>
    <ClCompile Include="..\..\Source\IfElsePriority\Generated\IfElsePriorityStatAst_Traverse.cpp">
      <Filter>Source Files\Generated\IfElsePriority</Filter>
    </ClCompile>
    <ClCompile Include="..\..\Source\IfElsePriority\Generated\IfElsePriority_Assembler.cpp">
      <Filter>Source Files\Generated\IfElsePriority</Filter>
    </ClCompile>
    <ClCompile Include="..\..\Source\IfElsePriority\Generated\IfElsePriority_Lexer.cpp">
      <Filter>Source Files\Generated\IfElsePriority</Filter>
    </ClCompile>
    <ClCompile Include="..\..\Source\IfElsePriority\Generated\IfElsePriorityModuleParser.cpp">
      <Filter>Source Files\Generated\IfElsePriority</Filter>
    </ClCompile>
    <ClCompile Include="..\..\Source\IfElsePriority\Generated\IfElsePriorityStatAst.cpp">
      <Filter>Source Files\Generated\IfElsePriority</Filter>
    </ClCompile>
    <ClCompile Include="..\..\Source\IfElsePriority\Generated\IfElsePriorityStatAst_Builder.cpp">
      <Filter>Source Files\Generated\IfElsePriority</Filter>
    </ClCompile>
    <ClCompile Include="..\..\Source\IfElsePriority\Generated\IfElsePriorityStatAst_Copy.cpp">
      <Filter>Source Files\Generated\IfElsePriority</Filter>
    </ClCompile>
    <ClCompile Include="..\..\Source\IfElsePriority\Generated\IfElsePriorityStatAst_Empty.cpp">
      <Filter>Source Files\Generated\IfElsePriority</Filter>
    </ClCompile>
    <ClCompile Include="..\..\Source\GenericAmbiguity\Generated\GenericAmbiguityExprAst_Traverse.cpp">
      <Filter>Source Files\Generated\GenericAmbiguity</Filter>
    </ClCompile>
    <ClCompile Include="..\..\Source\GenericAmbiguity\Generated\GenericAmbiguityModuleParser.cpp">
      <Filter>Source Files\Generated\GenericAmbiguity</Filter>
    </ClCompile>
    <ClCompile Include="..\..\Source\GenericAmbiguity\Generated\GenericAmbiguity_Assembler.cpp">
      <Filter>Source Files\Generated\GenericAmbiguity</Filter>
    </ClCompile>
    <ClCompile Include="..\..\Source\GenericAmbiguity\Generated\GenericAmbiguity_Lexer.cpp">
      <Filter>Source Files\Generated\GenericAmbiguity</Filter>
    </ClCompile>
    <ClCompile Include="..\..\Source\GenericAmbiguity\Generated\GenericAmbiguityExprAst.cpp">
      <Filter>Source Files\Generated\GenericAmbiguity</Filter>
    </ClCompile>
    <ClCompile Include="..\..\Source\GenericAmbiguity\Generated\GenericAmbiguityExprAst_Builder.cpp">
      <Filter>Source Files\Generated\GenericAmbiguity</Filter>
    </ClCompile>
    <ClCompile Include="..\..\Source\GenericAmbiguity\Generated\GenericAmbiguityExprAst_Copy.cpp">
      <Filter>Source Files\Generated\GenericAmbiguity</Filter>
    </ClCompile>
    <ClCompile Include="..\..\Source\GenericAmbiguity\Generated\GenericAmbiguityExprAst_Empty.cpp">
      <Filter>Source Files\Generated\GenericAmbiguity</Filter>
    </ClCompile>
    <ClCompile Include="..\..\Source\GenericAmbiguity\Generated\GenericAmbiguityExprAst_Json.cpp">
      <Filter>Source Files\Generated\GenericAmbiguity</Filter>
    </ClCompile>
    <ClCompile Include="..\..\Source\FeatureTest\Generated\FeatureTest_Assembler.cpp">
      <Filter>Source Files\Generated\FeatureTest</Filter>
    </ClCompile>
    <ClCompile Include="..\..\Source\FeatureTest\Generated\FeatureTest_Lexer.cpp">
      <Filter>Source Files\Generated\FeatureTest</Filter>
    </ClCompile>
    <ClCompile Include="..\..\Source\FeatureTest\Generated\FeatureTestFeatureAst.cpp">
      <Filter>Source Files\Generated\FeatureTest</Filter>
    </ClCompile>
    <ClCompile Include="..\..\Source\FeatureTest\Generated\FeatureTestFeatureAst_Builder.cpp">
      <Filter>Source Files\Generated\FeatureTest</Filter>
    </ClCompile>
    <ClCompile Include="..\..\Source\FeatureTest\Generated\FeatureTestFeatureAst_Copy.cpp">
      <Filter>Source Files\Generated\FeatureTest</Filter>
    </ClCompile>
    <ClCompile Include="..\..\Source\FeatureTest\Generated\FeatureTestFeatureAst_Empty.cpp">
      <Filter>Source Files\Generated\FeatureTest</Filter>
    </ClCompile>
    <ClCompile Include="..\..\Source\FeatureTest\Generated\FeatureTestFeatureAst_Json.cpp">
      <Filter>Source Files\Generated\FeatureTest</Filter>
    </ClCompile>
    <ClCompile Include="..\..\Source\FeatureTest\Generated\FeatureTestFeatureAst_Traverse.cpp">
      <Filter>Source Files\Generated\FeatureTest</Filter>
    </ClCompile>
    <ClCompile Include="..\..\Source\FeatureTest\Generated\FeatureTestModuleParser.cpp">
      <Filter>Source Files\Generated\FeatureTest</Filter>
    </ClCompile>
    <ClCompile Include="..\CommonMain.cpp">
      <Filter>Source Files\Shared</Filter>
    </ClCompile>
    <ClCompile Include="..\..\Source\LogTrace.cpp">
      <Filter>Source Files\Shared</Filter>
    </ClCompile>
    <ClCompile Include="..\..\Source\BinaryOp\Generated\BinaryOp_Assembler.cpp">
      <Filter>Source Files\Generated\BinaryOp</Filter>
    </ClCompile>
    <ClCompile Include="..\..\Source\BinaryOp\Generated\BinaryOp_Lexer.cpp">
      <Filter>Source Files\Generated\BinaryOp</Filter>
    </ClCompile>
    <ClCompile Include="..\..\Source\BinaryOp\Generated\BinaryOpExprAst.cpp">
      <Filter>Source Files\Generated\BinaryOp</Filter>
    </ClCompile>
    <ClCompile Include="..\..\Source\BinaryOp\Generated\BinaryOpExprAst_Builder.cpp">
      <Filter>Source Files\Generated\BinaryOp</Filter>
    </ClCompile>
    <ClCompile Include="..\..\Source\BinaryOp\Generated\BinaryOpExprAst_Copy.cpp">
      <Filter>Source Files\Generated\BinaryOp</Filter>
    </ClCompile>
    <ClCompile Include="..\..\Source\BinaryOp\Generated\BinaryOpExprAst_Empty.cpp">
      <Filter>Source Files\Generated\BinaryOp</Filter>
    </ClCompile>
    <ClCompile Include="..\..\Source\BinaryOp\Generated\BinaryOpExprAst_Json.cpp">
      <Filter>Source Files\Generated\BinaryOp</Filter>
    </ClCompile>
    <ClCompile Include="..\..\Source\BinaryOp\Generated\BinaryOpExprAst_Traverse.cpp">
      <Filter>Source Files\Generated\BinaryOp</Filter>
    </ClCompile>
    <ClCompile Include="..\..\Source\BinaryOp\Generated\BinaryOpModuleParser.cpp">
      <Filter>Source Files\Generated\BinaryOp</Filter>
    </ClCompile>
    <ClCompile Include="..\..\Source\IfElseSwitch\Generated\IfElseSwitchStatAst_Empty.cpp">
      <Filter>Source Files\Generated\IfElseSwitch</Filter>
    </ClCompile>
    <ClCompile Include="..\..\Source\IfElseSwitch\Generated\IfElseSwitchStatAst_Json.cpp">
      <Filter>Source Files\Generated\IfElseSwitch</Filter>
    </ClCompile>
    <ClCompile Include="..\..\Source\IfElseSwitch\Generated\IfElseSwitchStatAst_Traverse.cpp">
      <Filter>Source Files\Generated\IfElseSwitch</Filter>
    </ClCompile>
    <ClCompile Include="..\..\Source\IfElseSwitch\Generated\IfElseSwitch_Assembler.cpp">
      <Filter>Source Files\Generated\IfElseSwitch</Filter>
    </ClCompile>
    <ClCompile Include="..\..\Source\IfElseSwitch\Generated\IfElseSwitch_Lexer.cpp">
      <Filter>Source Files\Generated\IfElseSwitch</Filter>
    </ClCompile>
    <ClCompile Include="..\..\Source\IfElseSwitch\Generated\IfElseSwitchModuleParser.cpp">
      <Filter>Source Files\Generated\IfElseSwitch</Filter>
    </ClCompile>
    <ClCompile Include="..\..\Source\IfElseSwitch\Generated\IfElseSwitchStatAst.cpp">
      <Filter>Source Files\Generated\IfElseSwitch</Filter>
    </ClCompile>
    <ClCompile Include="..\..\Source\IfElseSwitch\Generated\IfElseSwitchStatAst_Builder.cpp">
      <Filter>Source Files\Generated\IfElseSwitch</Filter>
    </ClCompile>
    <ClCompile Include="..\..\Source\IfElseSwitch\Generated\IfElseSwitchStatAst_Copy.cpp">
      <Filter>Source Files\Generated\IfElseSwitch</Filter>
    </ClCompile>
    <ClCompile Include="..\..\Source\IfElseManual\Generated\IfElseManualStatAst_Empty.cpp">
      <Filter>Source Files\Generated\IfElseManual</Filter>
    </ClCompile>
    <ClCompile Include="..\..\Source\IfElseManual\Generated\IfElseManualStatAst_Json.cpp">
      <Filter>Source Files\Generated\IfElseManual</Filter>
    </ClCompile>
    <ClCompile Include="..\..\Source\IfElseManual\Generated\IfElseManualStatAst_Traverse.cpp">
      <Filter>Source Files\Generated\IfElseManual</Filter>
    </ClCompile>
    <ClCompile Include="..\..\Source\IfElseManual\Generated\IfElseManual_Assembler.cpp">
      <Filter>Source Files\Generated\IfElseManual</Filter>
    </ClCompile>
    <ClCompile Include="..\..\Source\IfElseManual\Generated\IfElseManual_Lexer.cpp">
      <Filter>Source Files\Generated\IfElseManual</Filter>
    </ClCompile>
    <ClCompile Include="..\..\Source\IfElseManual\Generated\IfElseManualModuleParser.cpp">
      <Filter>Source Files\Generated\IfElseManual</Filter>
    </ClCompile>
    <ClCompile Include="..\..\Source\IfElseManual\Generated\IfElseManualStatAst.cpp">
      <Filter>Source Files\Generated\IfElseManual</Filter>
    </ClCompile>
    <ClCompile Include="..\..\Source\IfElseManual\Generated\IfElseManualStatAst_Builder.cpp">
      <Filter>Source Files\Generated\IfElseManual</Filter>
    </ClCompile>
    <ClCompile Include="..\..\Source\IfElseManual\Generated\IfElseManualStatAst_Copy.cpp">
      <Filter>Source Files\Generated\IfElseManual</Filter>
    </ClCompile>
    <ClCompile Include="..\..\Source\IfElseAmbiguity2\Generated\IfElseAmbiguity2StatAst_Traverse.cpp">
      <Filter>Source Files\Generated\IfElseAmbiguity2</Filter>
    </ClCompile>
    <ClCompile Include="..\..\Source\IfElseAmbiguity2\Generated\IfElseAmbiguity2_Assembler.cpp">
      <Filter>Source Files\Generated\IfElseAmbiguity2</Filter>
    </ClCompile>
    <ClCompile Include="..\..\Source\IfElseAmbiguity2\Generated\IfElseAmbiguity2_Lexer.cpp">
      <Filter>Source Files\Generated\IfElseAmbiguity2</Filter>
    </ClCompile>
    <ClCompile Include="..\..\Source\IfElseAmbiguity2\Generated\IfElseAmbiguity2ModuleParser.cpp">
      <Filter>Source Files\Generated\IfElseAmbiguity2</Filter>
    </ClCompile>
    <ClCompile Include="..\..\Source\IfElseAmbiguity2\Generated\IfElseAmbiguity2StatAst.cpp">
      <Filter>Source Files\Generated\IfElseAmbiguity2</Filter>
    </ClCompile>
    <ClCompile Include="..\..\Source\IfElseAmbiguity2\Generated\IfElseAmbiguity2StatAst_Builder.cpp">
      <Filter>Source Files\Generated\IfElseAmbiguity2</Filter>
    </ClCompile>
    <ClCompile Include="..\..\Source\IfElseAmbiguity2\Generated\IfElseAmbiguity2StatAst_Copy.cpp">
      <Filter>Source Files\Generated\IfElseAmbiguity2</Filter>
    </ClCompile>
    <ClCompile Include="..\..\Source\IfElseAmbiguity2\Generated\IfElseAmbiguity2StatAst_Empty.cpp">
      <Filter>Source Files\Generated\IfElseAmbiguity2</Filter>
    </ClCompile>
    <ClCompile Include="..\..\Source\IfElseAmbiguity2\Generated\IfElseAmbiguity2StatAst_Json.cpp">
      <Filter>Source Files\Generated\IfElseAmbiguity2</Filter>
    </ClCompile>
    <ClCompile Include="..\..\Source\PrefixSubset\Generated\PrefixSubsetTypeOrExpr_Traverse.cpp">
      <Filter>Source Files\Generated\PrefixSubset</Filter>
    </ClCompile>
    <ClCompile Include="..\..\Source\PrefixSubset\Generated\PrefixSubset_Assembler.cpp">
      <Filter>Source Files\Generated\PrefixSubset</Filter>
    </ClCompile>
    <ClCompile Include="..\..\Source\PrefixSubset\Generated\PrefixSubset_Lexer.cpp">
      <Filter>Source Files\Generated\PrefixSubset</Filter>
    </ClCompile>
    <ClCompile Include="..\..\Source\PrefixSubset\Generated\PrefixSubsetModuleParser.cpp">
      <Filter>Source Files\Generated\PrefixSubset</Filter>
    </ClCompile>
    <ClCompile Include="..\..\Source\PrefixSubset\Generated\PrefixSubsetTypeOrExpr.cpp">
      <Filter>Source Files\Generated\PrefixSubset</Filter>
    </ClCompile>
    <ClCompile Include="..\..\Source\PrefixSubset\Generated\PrefixSubsetTypeOrExpr_Builder.cpp">
      <Filter>Source Files\Generated\PrefixSubset</Filter>
    </ClCompile>
    <ClCompile Include="..\..\Source\PrefixSubset\Generated\PrefixSubsetTypeOrExpr_Copy.cpp">
      <Filter>Source Files\Generated\PrefixSubset</Filter>
    </ClCompile>
    <ClCompile Include="..\..\Source\PrefixSubset\Generated\PrefixSubsetTypeOrExpr_Empty.cpp">
      <Filter>Source Files\Generated\PrefixSubset</Filter>
    </ClCompile>
    <ClCompile Include="..\..\Source\PrefixSubset\Generated\PrefixSubsetTypeOrExpr_Json.cpp">
      <Filter>Source Files\Generated\PrefixSubset</Filter>
    </ClCompile>
    <ClCompile Include="..\..\Source\PrefixSubset2\Generated\PrefixSubset2TypeOrExpr_Traverse.cpp">
      <Filter>Source Files\Generated\PrefixSubset2</Filter>
    </ClCompile>
    <ClCompile Include="..\..\Source\PrefixSubset2\Generated\PrefixSubset2_Assembler.cpp">
      <Filter>Source Files\Generated\PrefixSubset2</Filter>
    </ClCompile>
    <ClCompile Include="..\..\Source\PrefixSubset2\Generated\PrefixSubset2_Lexer.cpp">
      <Filter>Source Files\Generated\PrefixSubset2</Filter>
    </ClCompile>
    <ClCompile Include="..\..\Source\PrefixSubset2\Generated\PrefixSubset2ModuleParser.cpp">
      <Filter>Source Files\Generated\PrefixSubset2</Filter>
    </ClCompile>
    <ClCompile Include="..\..\Source\PrefixSubset2\Generated\PrefixSubset2TypeOrExpr.cpp">
      <Filter>Source Files\Generated\PrefixSubset2</Filter>
    </ClCompile>
    <ClCompile Include="..\..\Source\PrefixSubset2\Generated\PrefixSubset2TypeOrExpr_Builder.cpp">
      <Filter>Source Files\Generated\PrefixSubset2</Filter>
    </ClCompile>
    <ClCompile Include="..\..\Source\PrefixSubset2\Generated\PrefixSubset2TypeOrExpr_Copy.cpp">
      <Filter>Source Files\Generated\PrefixSubset2</Filter>
    </ClCompile>
    <ClCompile Include="..\..\Source\PrefixSubset2\Generated\PrefixSubset2TypeOrExpr_Empty.cpp">
      <Filter>Source Files\Generated\PrefixSubset2</Filter>
    </ClCompile>
    <ClCompile Include="..\..\Source\PrefixSubset2\Generated\PrefixSubset2TypeOrExpr_Json.cpp">
      <Filter>Source Files\Generated\PrefixSubset2</Filter>
    </ClCompile>
    <ClCompile Include="..\..\Source\PrefixSubset3\Generated\PrefixSubset3_Assembler.cpp">
      <Filter>Source Files\Generated\PrefixSubset3</Filter>
    </ClCompile>
    <ClCompile Include="..\..\Source\PrefixSubset3\Generated\PrefixSubset3_Lexer.cpp">
      <Filter>Source Files\Generated\PrefixSubset3</Filter>
    </ClCompile>
    <ClCompile Include="..\..\Source\PrefixSubset3\Generated\PrefixSubset3ModuleParser.cpp">
      <Filter>Source Files\Generated\PrefixSubset3</Filter>
    </ClCompile>
    <ClCompile Include="..\..\Source\PrefixSubset3\Generated\PrefixSubset3TypeOrExpr.cpp">
      <Filter>Source Files\Generated\PrefixSubset3</Filter>
    </ClCompile>
    <ClCompile Include="..\..\Source\PrefixSubset3\Generated\PrefixSubset3TypeOrExpr_Builder.cpp">
      <Filter>Source Files\Generated\PrefixSubset3</Filter>
    </ClCompile>
    <ClCompile Include="..\..\Source\PrefixSubset3\Generated\PrefixSubset3TypeOrExpr_Copy.cpp">
      <Filter>Source Files\Generated\PrefixSubset3</Filter>
    </ClCompile>
    <ClCompile Include="..\..\Source\PrefixSubset3\Generated\PrefixSubset3TypeOrExpr_Empty.cpp">
      <Filter>Source Files\Generated\PrefixSubset3</Filter>
    </ClCompile>
    <ClCompile Include="..\..\Source\PrefixSubset3\Generated\PrefixSubset3TypeOrExpr_Json.cpp">
      <Filter>Source Files\Generated\PrefixSubset3</Filter>
    </ClCompile>
    <ClCompile Include="..\..\Source\PrefixSubset3\Generated\PrefixSubset3TypeOrExpr_Traverse.cpp">
      <Filter>Source Files\Generated\PrefixSubset3</Filter>
    </ClCompile>
    <ClCompile Include="..\..\Source\PrefixSubset4\Generated\PrefixSubset4_Assembler.cpp">
      <Filter>Source Files\Generated\PrefixSubset4</Filter>
    </ClCompile>
    <ClCompile Include="..\..\Source\PrefixSubset4\Generated\PrefixSubset4_Lexer.cpp">
      <Filter>Source Files\Generated\PrefixSubset4</Filter>
    </ClCompile>
    <ClCompile Include="..\..\Source\PrefixSubset4\Generated\PrefixSubset4TypeOrExpr.cpp">
      <Filter>Source Files\Generated\PrefixSubset4</Filter>
    </ClCompile>
    <ClCompile Include="..\..\Source\PrefixSubset4\Generated\PrefixSubset4TypeOrExpr_Builder.cpp">
      <Filter>Source Files\Generated\PrefixSubset4</Filter>
    </ClCompile>
    <ClCompile Include="..\..\Source\PrefixSubset4\Generated\PrefixSubset4TypeOrExpr_Copy.cpp">
      <Filter>Source Files\Generated\PrefixSubset4</Filter>
    </ClCompile>
    <ClCompile Include="..\..\Source\PrefixSubset4\Generated\PrefixSubset4TypeOrExpr_Empty.cpp">
      <Filter>Source Files\Generated\PrefixSubset4</Filter>
    </ClCompile>
    <ClCompile Include="..\..\Source\PrefixSubset4\Generated\PrefixSubset4TypeOrExpr_Json.cpp">
      <Filter>Source Files\Generated\PrefixSubset4</Filter>
    </ClCompile>
    <ClCompile Include="..\..\Source\PrefixSubset4\Generated\PrefixSubset4TypeOrExpr_Traverse.cpp">
      <Filter>Source Files\Generated\PrefixSubset4</Filter>
    </ClCompile>
    <ClCompile Include="..\..\Source\PrefixSubset4\Generated\PrefixSubset4ModuleParser.cpp">
      <Filter>Source Files\Generated\PrefixSubset4</Filter>
    </ClCompile>
    <ClCompile Include="..\..\Source\PrefixSubset5\Generated\PrefixSubset5_Assembler.cpp">
      <Filter>Source Files\Generated\PrefixSubset5</Filter>
    </ClCompile>
    <ClCompile Include="..\..\Source\PrefixSubset5\Generated\PrefixSubset5_Lexer.cpp">
      <Filter>Source Files\Generated\PrefixSubset5</Filter>
    </ClCompile>
    <ClCompile Include="..\..\Source\PrefixSubset5\Generated\PrefixSubset5ModuleParser.cpp">
      <Filter>Source Files\Generated\PrefixSubset5</Filter>
    </ClCompile>
    <ClCompile Include="..\..\Source\PrefixSubset5\Generated\PrefixSubset5TypeOrExpr.cpp">
      <Filter>Source Files\Generated\PrefixSubset5</Filter>
    </ClCompile>
    <ClCompile Include="..\..\Source\PrefixSubset5\Generated\PrefixSubset5TypeOrExpr_Builder.cpp">
      <Filter>Source Files\Generated\PrefixSubset5</Filter>
    </ClCompile>
    <ClCompile Include="..\..\Source\PrefixSubset5\Generated\PrefixSubset5TypeOrExpr_Copy.cpp">
      <Filter>Source Files\Generated\PrefixSubset5</Filter>
    </ClCompile>
    <ClCompile Include="..\..\Source\PrefixSubset5\Generated\PrefixSubset5TypeOrExpr_Empty.cpp">
      <Filter>Source Files\Generated\PrefixSubset5</Filter>
    </ClCompile>
    <ClCompile Include="..\..\Source\PrefixSubset5\Generated\PrefixSubset5TypeOrExpr_Json.cpp">
      <Filter>Source Files\Generated\PrefixSubset5</Filter>
    </ClCompile>
    <ClCompile Include="..\..\Source\PrefixSubset5\Generated\PrefixSubset5TypeOrExpr_Traverse.cpp">
      <Filter>Source Files\Generated\PrefixSubset5</Filter>
    </ClCompile>
  </ItemGroup>
  <ItemGroup>
    <ClInclude Include="..\..\Source\Calculator\Generated\CalculatorExprAst_Empty.h">
      <Filter>Source Files\Generated\Calculator</Filter>
    </ClInclude>
    <ClInclude Include="..\..\Source\Calculator\Generated\CalculatorExprAst_Json.h">
      <Filter>Source Files\Generated\Calculator</Filter>
    </ClInclude>
    <ClInclude Include="..\..\Source\Calculator\Generated\CalculatorExprAst_Traverse.h">
      <Filter>Source Files\Generated\Calculator</Filter>
    </ClInclude>
    <ClInclude Include="..\..\Source\Calculator\Generated\CalculatorModuleParser.h">
      <Filter>Source Files\Generated\Calculator</Filter>
    </ClInclude>
    <ClInclude Include="..\..\Source\Calculator\Generated\Calculator_Assembler.h">
      <Filter>Source Files\Generated\Calculator</Filter>
    </ClInclude>
    <ClInclude Include="..\..\Source\Calculator\Generated\Calculator_Lexer.h">
      <Filter>Source Files\Generated\Calculator</Filter>
    </ClInclude>
    <ClInclude Include="..\..\Source\Calculator\Generated\CalculatorExprAst.h">
      <Filter>Source Files\Generated\Calculator</Filter>
    </ClInclude>
    <ClInclude Include="..\..\Source\Calculator\Generated\CalculatorExprAst_Builder.h">
      <Filter>Source Files\Generated\Calculator</Filter>
    </ClInclude>
    <ClInclude Include="..\..\Source\Calculator\Generated\CalculatorExprAst_Copy.h">
      <Filter>Source Files\Generated\Calculator</Filter>
    </ClInclude>
    <ClInclude Include="..\..\Source\IfElseAmbiguity\Generated\IfElseAmbiguity_Assembler.h">
      <Filter>Source Files\Generated\IfElseAmbiguity</Filter>
    </ClInclude>
    <ClInclude Include="..\..\Source\IfElseAmbiguity\Generated\IfElseAmbiguity_Lexer.h">
      <Filter>Source Files\Generated\IfElseAmbiguity</Filter>
    </ClInclude>
    <ClInclude Include="..\..\Source\IfElseAmbiguity\Generated\IfElseAmbiguityModuleParser.h">
      <Filter>Source Files\Generated\IfElseAmbiguity</Filter>
    </ClInclude>
    <ClInclude Include="..\..\Source\IfElseAmbiguity\Generated\IfElseAmbiguityStatAst.h">
      <Filter>Source Files\Generated\IfElseAmbiguity</Filter>
    </ClInclude>
    <ClInclude Include="..\..\Source\IfElseAmbiguity\Generated\IfElseAmbiguityStatAst_Builder.h">
      <Filter>Source Files\Generated\IfElseAmbiguity</Filter>
    </ClInclude>
    <ClInclude Include="..\..\Source\IfElseAmbiguity\Generated\IfElseAmbiguityStatAst_Copy.h">
      <Filter>Source Files\Generated\IfElseAmbiguity</Filter>
    </ClInclude>
    <ClInclude Include="..\..\Source\IfElseAmbiguity\Generated\IfElseAmbiguityStatAst_Empty.h">
      <Filter>Source Files\Generated\IfElseAmbiguity</Filter>
    </ClInclude>
    <ClInclude Include="..\..\Source\IfElseAmbiguity\Generated\IfElseAmbiguityStatAst_Json.h">
      <Filter>Source Files\Generated\IfElseAmbiguity</Filter>
    </ClInclude>
    <ClInclude Include="..\..\Source\IfElseAmbiguity\Generated\IfElseAmbiguityStatAst_Traverse.h">
      <Filter>Source Files\Generated\IfElseAmbiguity</Filter>
    </ClInclude>
    <ClInclude Include="..\..\Source\IfElsePriority\Generated\IfElsePriorityStatAst_Json.h">
      <Filter>Source Files\Generated\IfElsePriority</Filter>
    </ClInclude>
    <ClInclude Include="..\..\Source\IfElsePriority\Generated\IfElsePriorityStatAst_Traverse.h">
      <Filter>Source Files\Generated\IfElsePriority</Filter>
    </ClInclude>
    <ClInclude Include="..\..\Source\IfElsePriority\Generated\IfElsePriority_Assembler.h">
      <Filter>Source Files\Generated\IfElsePriority</Filter>
    </ClInclude>
    <ClInclude Include="..\..\Source\IfElsePriority\Generated\IfElsePriority_Lexer.h">
      <Filter>Source Files\Generated\IfElsePriority</Filter>
    </ClInclude>
    <ClInclude Include="..\..\Source\IfElsePriority\Generated\IfElsePriorityModuleParser.h">
      <Filter>Source Files\Generated\IfElsePriority</Filter>
    </ClInclude>
    <ClInclude Include="..\..\Source\IfElsePriority\Generated\IfElsePriorityStatAst.h">
      <Filter>Source Files\Generated\IfElsePriority</Filter>
    </ClInclude>
    <ClInclude Include="..\..\Source\IfElsePriority\Generated\IfElsePriorityStatAst_Builder.h">
      <Filter>Source Files\Generated\IfElsePriority</Filter>
    </ClInclude>
    <ClInclude Include="..\..\Source\IfElsePriority\Generated\IfElsePriorityStatAst_Copy.h">
      <Filter>Source Files\Generated\IfElsePriority</Filter>
    </ClInclude>
    <ClInclude Include="..\..\Source\IfElsePriority\Generated\IfElsePriorityStatAst_Empty.h">
      <Filter>Source Files\Generated\IfElsePriority</Filter>
    </ClInclude>
    <ClInclude Include="..\..\Source\GenericAmbiguity\Generated\GenericAmbiguityExprAst_Json.h">
      <Filter>Source Files\Generated\GenericAmbiguity</Filter>
    </ClInclude>
    <ClInclude Include="..\..\Source\GenericAmbiguity\Generated\GenericAmbiguityExprAst_Traverse.h">
      <Filter>Source Files\Generated\GenericAmbiguity</Filter>
    </ClInclude>
    <ClInclude Include="..\..\Source\GenericAmbiguity\Generated\GenericAmbiguityModuleParser.h">
      <Filter>Source Files\Generated\GenericAmbiguity</Filter>
    </ClInclude>
    <ClInclude Include="..\..\Source\GenericAmbiguity\Generated\GenericAmbiguity_Assembler.h">
      <Filter>Source Files\Generated\GenericAmbiguity</Filter>
    </ClInclude>
    <ClInclude Include="..\..\Source\GenericAmbiguity\Generated\GenericAmbiguity_Lexer.h">
      <Filter>Source Files\Generated\GenericAmbiguity</Filter>
    </ClInclude>
    <ClInclude Include="..\..\Source\GenericAmbiguity\Generated\GenericAmbiguityExprAst.h">
      <Filter>Source Files\Generated\GenericAmbiguity</Filter>
    </ClInclude>
    <ClInclude Include="..\..\Source\GenericAmbiguity\Generated\GenericAmbiguityExprAst_Builder.h">
      <Filter>Source Files\Generated\GenericAmbiguity</Filter>
    </ClInclude>
    <ClInclude Include="..\..\Source\GenericAmbiguity\Generated\GenericAmbiguityExprAst_Copy.h">
      <Filter>Source Files\Generated\GenericAmbiguity</Filter>
    </ClInclude>
    <ClInclude Include="..\..\Source\GenericAmbiguity\Generated\GenericAmbiguityExprAst_Empty.h">
      <Filter>Source Files\Generated\GenericAmbiguity</Filter>
    </ClInclude>
    <ClInclude Include="..\..\Source\FeatureTest\Generated\FeatureTestModuleParser.h">
      <Filter>Source Files\Generated\FeatureTest</Filter>
    </ClInclude>
    <ClInclude Include="..\..\Source\FeatureTest\Generated\FeatureTest_Assembler.h">
      <Filter>Source Files\Generated\FeatureTest</Filter>
    </ClInclude>
    <ClInclude Include="..\..\Source\FeatureTest\Generated\FeatureTest_Lexer.h">
      <Filter>Source Files\Generated\FeatureTest</Filter>
    </ClInclude>
    <ClInclude Include="..\..\Source\FeatureTest\Generated\FeatureTestFeatureAst.h">
      <Filter>Source Files\Generated\FeatureTest</Filter>
    </ClInclude>
    <ClInclude Include="..\..\Source\FeatureTest\Generated\FeatureTestFeatureAst_Builder.h">
      <Filter>Source Files\Generated\FeatureTest</Filter>
    </ClInclude>
    <ClInclude Include="..\..\Source\FeatureTest\Generated\FeatureTestFeatureAst_Copy.h">
      <Filter>Source Files\Generated\FeatureTest</Filter>
    </ClInclude>
    <ClInclude Include="..\..\Source\FeatureTest\Generated\FeatureTestFeatureAst_Empty.h">
      <Filter>Source Files\Generated\FeatureTest</Filter>
    </ClInclude>
    <ClInclude Include="..\..\Source\FeatureTest\Generated\FeatureTestFeatureAst_Json.h">
      <Filter>Source Files\Generated\FeatureTest</Filter>
    </ClInclude>
    <ClInclude Include="..\..\Source\FeatureTest\Generated\FeatureTestFeatureAst_Traverse.h">
      <Filter>Source Files\Generated\FeatureTest</Filter>
    </ClInclude>
    <ClInclude Include="..\..\Source\LogTrace.h">
      <Filter>Source Files\Shared</Filter>
    </ClInclude>
    <ClInclude Include="..\..\Source\BinaryOp\Generated\BinaryOpExprAst_Traverse.h">
      <Filter>Source Files\Generated\BinaryOp</Filter>
    </ClInclude>
    <ClInclude Include="..\..\Source\BinaryOp\Generated\BinaryOp_Assembler.h">
      <Filter>Source Files\Generated\BinaryOp</Filter>
    </ClInclude>
    <ClInclude Include="..\..\Source\BinaryOp\Generated\BinaryOp_Lexer.h">
      <Filter>Source Files\Generated\BinaryOp</Filter>
    </ClInclude>
    <ClInclude Include="..\..\Source\BinaryOp\Generated\BinaryOpExprAst.h">
      <Filter>Source Files\Generated\BinaryOp</Filter>
    </ClInclude>
    <ClInclude Include="..\..\Source\BinaryOp\Generated\BinaryOpExprAst_Builder.h">
      <Filter>Source Files\Generated\BinaryOp</Filter>
    </ClInclude>
    <ClInclude Include="..\..\Source\BinaryOp\Generated\BinaryOpExprAst_Copy.h">
      <Filter>Source Files\Generated\BinaryOp</Filter>
    </ClInclude>
    <ClInclude Include="..\..\Source\BinaryOp\Generated\BinaryOpExprAst_Empty.h">
      <Filter>Source Files\Generated\BinaryOp</Filter>
    </ClInclude>
    <ClInclude Include="..\..\Source\BinaryOp\Generated\BinaryOpExprAst_Json.h">
      <Filter>Source Files\Generated\BinaryOp</Filter>
    </ClInclude>
    <ClInclude Include="..\..\Source\BinaryOp\Generated\BinaryOpModuleParser.h">
      <Filter>Source Files\Generated\BinaryOp</Filter>
    </ClInclude>
    <ClInclude Include="..\..\Source\IfElseSwitch\Generated\IfElseSwitchStatAst_Copy.h">
      <Filter>Source Files\Generated\IfElseSwitch</Filter>
    </ClInclude>
    <ClInclude Include="..\..\Source\IfElseSwitch\Generated\IfElseSwitchStatAst_Empty.h">
      <Filter>Source Files\Generated\IfElseSwitch</Filter>
    </ClInclude>
    <ClInclude Include="..\..\Source\IfElseSwitch\Generated\IfElseSwitchStatAst_Json.h">
      <Filter>Source Files\Generated\IfElseSwitch</Filter>
    </ClInclude>
    <ClInclude Include="..\..\Source\IfElseSwitch\Generated\IfElseSwitchStatAst_Traverse.h">
      <Filter>Source Files\Generated\IfElseSwitch</Filter>
    </ClInclude>
    <ClInclude Include="..\..\Source\IfElseSwitch\Generated\IfElseSwitch_Assembler.h">
      <Filter>Source Files\Generated\IfElseSwitch</Filter>
    </ClInclude>
    <ClInclude Include="..\..\Source\IfElseSwitch\Generated\IfElseSwitch_Lexer.h">
      <Filter>Source Files\Generated\IfElseSwitch</Filter>
    </ClInclude>
    <ClInclude Include="..\..\Source\IfElseSwitch\Generated\IfElseSwitchModuleParser.h">
      <Filter>Source Files\Generated\IfElseSwitch</Filter>
    </ClInclude>
    <ClInclude Include="..\..\Source\IfElseSwitch\Generated\IfElseSwitchStatAst.h">
      <Filter>Source Files\Generated\IfElseSwitch</Filter>
    </ClInclude>
    <ClInclude Include="..\..\Source\IfElseSwitch\Generated\IfElseSwitchStatAst_Builder.h">
      <Filter>Source Files\Generated\IfElseSwitch</Filter>
    </ClInclude>
    <ClInclude Include="..\..\Source\IfElseManual\Generated\IfElseManualStatAst_Copy.h">
      <Filter>Source Files\Generated\IfElseManual</Filter>
    </ClInclude>
    <ClInclude Include="..\..\Source\IfElseManual\Generated\IfElseManualStatAst_Empty.h">
      <Filter>Source Files\Generated\IfElseManual</Filter>
    </ClInclude>
    <ClInclude Include="..\..\Source\IfElseManual\Generated\IfElseManualStatAst_Json.h">
      <Filter>Source Files\Generated\IfElseManual</Filter>
    </ClInclude>
    <ClInclude Include="..\..\Source\IfElseManual\Generated\IfElseManualStatAst_Traverse.h">
      <Filter>Source Files\Generated\IfElseManual</Filter>
    </ClInclude>
    <ClInclude Include="..\..\Source\IfElseManual\Generated\IfElseManual_Assembler.h">
      <Filter>Source Files\Generated\IfElseManual</Filter>
    </ClInclude>
    <ClInclude Include="..\..\Source\IfElseManual\Generated\IfElseManual_Lexer.h">
      <Filter>Source Files\Generated\IfElseManual</Filter>
    </ClInclude>
    <ClInclude Include="..\..\Source\IfElseManual\Generated\IfElseManualModuleParser.h">
      <Filter>Source Files\Generated\IfElseManual</Filter>
    </ClInclude>
    <ClInclude Include="..\..\Source\IfElseManual\Generated\IfElseManualStatAst.h">
      <Filter>Source Files\Generated\IfElseManual</Filter>
    </ClInclude>
    <ClInclude Include="..\..\Source\IfElseManual\Generated\IfElseManualStatAst_Builder.h">
      <Filter>Source Files\Generated\IfElseManual</Filter>
    </ClInclude>
    <ClInclude Include="..\..\Source\IfElseAmbiguity2\Generated\IfElseAmbiguity2StatAst_Json.h">
      <Filter>Source Files\Generated\IfElseAmbiguity2</Filter>
    </ClInclude>
    <ClInclude Include="..\..\Source\IfElseAmbiguity2\Generated\IfElseAmbiguity2StatAst_Traverse.h">
      <Filter>Source Files\Generated\IfElseAmbiguity2</Filter>
    </ClInclude>
    <ClInclude Include="..\..\Source\IfElseAmbiguity2\Generated\IfElseAmbiguity2_Assembler.h">
      <Filter>Source Files\Generated\IfElseAmbiguity2</Filter>
    </ClInclude>
    <ClInclude Include="..\..\Source\IfElseAmbiguity2\Generated\IfElseAmbiguity2_Lexer.h">
      <Filter>Source Files\Generated\IfElseAmbiguity2</Filter>
    </ClInclude>
    <ClInclude Include="..\..\Source\IfElseAmbiguity2\Generated\IfElseAmbiguity2ModuleParser.h">
      <Filter>Source Files\Generated\IfElseAmbiguity2</Filter>
    </ClInclude>
    <ClInclude Include="..\..\Source\IfElseAmbiguity2\Generated\IfElseAmbiguity2StatAst.h">
      <Filter>Source Files\Generated\IfElseAmbiguity2</Filter>
    </ClInclude>
    <ClInclude Include="..\..\Source\IfElseAmbiguity2\Generated\IfElseAmbiguity2StatAst_Builder.h">
      <Filter>Source Files\Generated\IfElseAmbiguity2</Filter>
    </ClInclude>
    <ClInclude Include="..\..\Source\IfElseAmbiguity2\Generated\IfElseAmbiguity2StatAst_Copy.h">
      <Filter>Source Files\Generated\IfElseAmbiguity2</Filter>
    </ClInclude>
    <ClInclude Include="..\..\Source\IfElseAmbiguity2\Generated\IfElseAmbiguity2StatAst_Empty.h">
      <Filter>Source Files\Generated\IfElseAmbiguity2</Filter>
    </ClInclude>
    <ClInclude Include="..\..\Source\PrefixSubset\Generated\PrefixSubsetTypeOrExpr_Traverse.h">
      <Filter>Source Files\Generated\PrefixSubset</Filter>
    </ClInclude>
    <ClInclude Include="..\..\Source\PrefixSubset\Generated\PrefixSubset_Assembler.h">
      <Filter>Source Files\Generated\PrefixSubset</Filter>
    </ClInclude>
    <ClInclude Include="..\..\Source\PrefixSubset\Generated\PrefixSubset_Lexer.h">
      <Filter>Source Files\Generated\PrefixSubset</Filter>
    </ClInclude>
    <ClInclude Include="..\..\Source\PrefixSubset\Generated\PrefixSubsetModuleParser.h">
      <Filter>Source Files\Generated\PrefixSubset</Filter>
    </ClInclude>
    <ClInclude Include="..\..\Source\PrefixSubset\Generated\PrefixSubsetTypeOrExpr.h">
      <Filter>Source Files\Generated\PrefixSubset</Filter>
    </ClInclude>
    <ClInclude Include="..\..\Source\PrefixSubset\Generated\PrefixSubsetTypeOrExpr_Builder.h">
      <Filter>Source Files\Generated\PrefixSubset</Filter>
    </ClInclude>
    <ClInclude Include="..\..\Source\PrefixSubset\Generated\PrefixSubsetTypeOrExpr_Copy.h">
      <Filter>Source Files\Generated\PrefixSubset</Filter>
    </ClInclude>
    <ClInclude Include="..\..\Source\PrefixSubset\Generated\PrefixSubsetTypeOrExpr_Empty.h">
      <Filter>Source Files\Generated\PrefixSubset</Filter>
    </ClInclude>
    <ClInclude Include="..\..\Source\PrefixSubset\Generated\PrefixSubsetTypeOrExpr_Json.h">
      <Filter>Source Files\Generated\PrefixSubset</Filter>
    </ClInclude>
    <ClInclude Include="..\..\Source\PrefixSubset2\Generated\PrefixSubset2TypeOrExpr_Json.h">
      <Filter>Source Files\Generated\PrefixSubset2</Filter>
    </ClInclude>
    <ClInclude Include="..\..\Source\PrefixSubset2\Generated\PrefixSubset2TypeOrExpr_Traverse.h">
      <Filter>Source Files\Generated\PrefixSubset2</Filter>
    </ClInclude>
    <ClInclude Include="..\..\Source\PrefixSubset2\Generated\PrefixSubset2_Assembler.h">
      <Filter>Source Files\Generated\PrefixSubset2</Filter>
    </ClInclude>
    <ClInclude Include="..\..\Source\PrefixSubset2\Generated\PrefixSubset2_Lexer.h">
      <Filter>Source Files\Generated\PrefixSubset2</Filter>
    </ClInclude>
    <ClInclude Include="..\..\Source\PrefixSubset2\Generated\PrefixSubset2ModuleParser.h">
      <Filter>Source Files\Generated\PrefixSubset2</Filter>
    </ClInclude>
    <ClInclude Include="..\..\Source\PrefixSubset2\Generated\PrefixSubset2TypeOrExpr.h">
      <Filter>Source Files\Generated\PrefixSubset2</Filter>
    </ClInclude>
    <ClInclude Include="..\..\Source\PrefixSubset2\Generated\PrefixSubset2TypeOrExpr_Builder.h">
      <Filter>Source Files\Generated\PrefixSubset2</Filter>
    </ClInclude>
    <ClInclude Include="..\..\Source\PrefixSubset2\Generated\PrefixSubset2TypeOrExpr_Copy.h">
      <Filter>Source Files\Generated\PrefixSubset2</Filter>
    </ClInclude>
    <ClInclude Include="..\..\Source\PrefixSubset2\Generated\PrefixSubset2TypeOrExpr_Empty.h">
      <Filter>Source Files\Generated\PrefixSubset2</Filter>
    </ClInclude>
    <ClInclude Include="..\..\Source\PrefixSubset3\Generated\PrefixSubset3TypeOrExpr_Traverse.h">
      <Filter>Source Files\Generated\PrefixSubset3</Filter>
    </ClInclude>
    <ClInclude Include="..\..\Source\PrefixSubset3\Generated\PrefixSubset3_Assembler.h">
      <Filter>Source Files\Generated\PrefixSubset3</Filter>
    </ClInclude>
    <ClInclude Include="..\..\Source\PrefixSubset3\Generated\PrefixSubset3_Lexer.h">
      <Filter>Source Files\Generated\PrefixSubset3</Filter>
    </ClInclude>
    <ClInclude Include="..\..\Source\PrefixSubset3\Generated\PrefixSubset3ModuleParser.h">
      <Filter>Source Files\Generated\PrefixSubset3</Filter>
    </ClInclude>
    <ClInclude Include="..\..\Source\PrefixSubset3\Generated\PrefixSubset3TypeOrExpr.h">
      <Filter>Source Files\Generated\PrefixSubset3</Filter>
    </ClInclude>
    <ClInclude Include="..\..\Source\PrefixSubset3\Generated\PrefixSubset3TypeOrExpr_Builder.h">
      <Filter>Source Files\Generated\PrefixSubset3</Filter>
    </ClInclude>
    <ClInclude Include="..\..\Source\PrefixSubset3\Generated\PrefixSubset3TypeOrExpr_Copy.h">
      <Filter>Source Files\Generated\PrefixSubset3</Filter>
    </ClInclude>
    <ClInclude Include="..\..\Source\PrefixSubset3\Generated\PrefixSubset3TypeOrExpr_Empty.h">
      <Filter>Source Files\Generated\PrefixSubset3</Filter>
    </ClInclude>
    <ClInclude Include="..\..\Source\PrefixSubset3\Generated\PrefixSubset3TypeOrExpr_Json.h">
      <Filter>Source Files\Generated\PrefixSubset3</Filter>
    </ClInclude>
    <ClInclude Include="..\..\Source\PrefixSubset4\Generated\PrefixSubset4TypeOrExpr_Traverse.h">
      <Filter>Source Files\Generated\PrefixSubset4</Filter>
    </ClInclude>
    <ClInclude Include="..\..\Source\PrefixSubset4\Generated\PrefixSubset4_Assembler.h">
      <Filter>Source Files\Generated\PrefixSubset4</Filter>
    </ClInclude>
    <ClInclude Include="..\..\Source\PrefixSubset4\Generated\PrefixSubset4_Lexer.h">
      <Filter>Source Files\Generated\PrefixSubset4</Filter>
    </ClInclude>
    <ClInclude Include="..\..\Source\PrefixSubset4\Generated\PrefixSubset4TypeOrExpr.h">
      <Filter>Source Files\Generated\PrefixSubset4</Filter>
    </ClInclude>
    <ClInclude Include="..\..\Source\PrefixSubset4\Generated\PrefixSubset4TypeOrExpr_Builder.h">
      <Filter>Source Files\Generated\PrefixSubset4</Filter>
    </ClInclude>
    <ClInclude Include="..\..\Source\PrefixSubset4\Generated\PrefixSubset4TypeOrExpr_Copy.h">
      <Filter>Source Files\Generated\PrefixSubset4</Filter>
    </ClInclude>
    <ClInclude Include="..\..\Source\PrefixSubset4\Generated\PrefixSubset4TypeOrExpr_Empty.h">
      <Filter>Source Files\Generated\PrefixSubset4</Filter>
    </ClInclude>
    <ClInclude Include="..\..\Source\PrefixSubset4\Generated\PrefixSubset4TypeOrExpr_Json.h">
      <Filter>Source Files\Generated\PrefixSubset4</Filter>
    </ClInclude>
    <ClInclude Include="..\..\Source\PrefixSubset4\Generated\PrefixSubset4ModuleParser.h">
      <Filter>Source Files\Generated\PrefixSubset4</Filter>
    </ClInclude>
    <ClInclude Include="..\..\Source\PrefixSubset5\Generated\PrefixSubset5TypeOrExpr_Traverse.h">
      <Filter>Source Files\Generated\PrefixSubset5</Filter>
    </ClInclude>
    <ClInclude Include="..\..\Source\PrefixSubset5\Generated\PrefixSubset5_Assembler.h">
      <Filter>Source Files\Generated\PrefixSubset5</Filter>
    </ClInclude>
    <ClInclude Include="..\..\Source\PrefixSubset5\Generated\PrefixSubset5_Lexer.h">
      <Filter>Source Files\Generated\PrefixSubset5</Filter>
    </ClInclude>
    <ClInclude Include="..\..\Source\PrefixSubset5\Generated\PrefixSubset5ModuleParser.h">
      <Filter>Source Files\Generated\PrefixSubset5</Filter>
    </ClInclude>
    <ClInclude Include="..\..\Source\PrefixSubset5\Generated\PrefixSubset5TypeOrExpr.h">
      <Filter>Source Files\Generated\PrefixSubset5</Filter>
    </ClInclude>
    <ClInclude Include="..\..\Source\PrefixSubset5\Generated\PrefixSubset5TypeOrExpr_Builder.h">
      <Filter>Source Files\Generated\PrefixSubset5</Filter>
    </ClInclude>
    <ClInclude Include="..\..\Source\PrefixSubset5\Generated\PrefixSubset5TypeOrExpr_Copy.h">
      <Filter>Source Files\Generated\PrefixSubset5</Filter>
    </ClInclude>
    <ClInclude Include="..\..\Source\PrefixSubset5\Generated\PrefixSubset5TypeOrExpr_Empty.h">
      <Filter>Source Files\Generated\PrefixSubset5</Filter>
    </ClInclude>
    <ClInclude Include="..\..\Source\PrefixSubset5\Generated\PrefixSubset5TypeOrExpr_Json.h">
      <Filter>Source Files\Generated\PrefixSubset5</Filter>
    </ClInclude>
  </ItemGroup>
</Project>