<?xml version="1.0" encoding="utf-8"?>
<Project ToolsVersion="4.0" xmlns="http://schemas.microsoft.com/developer/msbuild/2003">
  <ItemGroup>
    <Filter Include="Source Files">
      <UniqueIdentifier>{4FC737F1-C7A5-4376-A066-2A32D752A2FF}</UniqueIdentifier>
      <Extensions>cpp;c;cc;cxx;c++;cppm;ixx;def;odl;idl;hpj;bat;asm;asmx</Extensions>
    </Filter>
    <Filter Include="Header Files">
      <UniqueIdentifier>{93995380-89BD-4b04-88EB-625FBE52EBFB}</UniqueIdentifier>
      <Extensions>h;hh;hpp;hxx;h++;hm;inl;inc;ipp;xsd</Extensions>
    </Filter>
    <Filter Include="Resource Files">
      <UniqueIdentifier>{67DA6AB6-F800-4c08-8B7A-83BB121AAD01}</UniqueIdentifier>
      <Extensions>rc;ico;cur;bmp;dlg;rc2;rct;bin;rgs;gif;jpg;jpeg;jpe;resx;tiff;tif;png;wav;mfcribbon-ms</Extensions>
    </Filter>
    <Filter Include="Source Files\Shared">
      <UniqueIdentifier>{8fc36f38-5216-4ee5-8ae1-00630c951ec9}</UniqueIdentifier>
    </Filter>
    <Filter Include="Source Files\Generated">
      <UniqueIdentifier>{ffaf2fbc-2c38-4274-b24e-763cdc5d2a8c}</UniqueIdentifier>
    </Filter>
    <Filter Include="Source Files\Generated\Calculator">
      <UniqueIdentifier>{627c9b43-78fa-43c7-be8d-bf8073d1d16c}</UniqueIdentifier>
    </Filter>
    <Filter Include="Source Files\Generated\IfElseAmbiguity">
      <UniqueIdentifier>{362f64ae-cb22-4102-bf8c-77694cc9b153}</UniqueIdentifier>
    </Filter>
  </ItemGroup>
  <ItemGroup>
    <ClCompile Include="..\CommonMain.cpp">
      <Filter>Source Files\Shared</Filter>
    </ClCompile>
    <ClCompile Include="..\..\Source\Calculator\Generated\CalculatorExprAst_Json.cpp">
      <Filter>Source Files\Generated\Calculator</Filter>
    </ClCompile>
    <ClCompile Include="..\..\Source\Calculator\Generated\CalculatorExprAst_Traverse.cpp">
      <Filter>Source Files\Generated\Calculator</Filter>
    </ClCompile>
    <ClCompile Include="..\..\Source\Calculator\Generated\CalculatorModuleParser.cpp">
      <Filter>Source Files\Generated\Calculator</Filter>
    </ClCompile>
    <ClCompile Include="..\..\Source\Calculator\Generated\Calculator_Assembler.cpp">
      <Filter>Source Files\Generated\Calculator</Filter>
    </ClCompile>
    <ClCompile Include="..\..\Source\Calculator\Generated\Calculator_Lexer.cpp">
      <Filter>Source Files\Generated\Calculator</Filter>
    </ClCompile>
    <ClCompile Include="..\..\Source\Calculator\Generated\CalculatorExprAst.cpp">
      <Filter>Source Files\Generated\Calculator</Filter>
    </ClCompile>
    <ClCompile Include="..\..\Source\Calculator\Generated\CalculatorExprAst_Builder.cpp">
      <Filter>Source Files\Generated\Calculator</Filter>
    </ClCompile>
    <ClCompile Include="..\..\Source\Calculator\Generated\CalculatorExprAst_Copy.cpp">
      <Filter>Source Files\Generated\Calculator</Filter>
    </ClCompile>
    <ClCompile Include="..\..\Source\Calculator\Generated\CalculatorExprAst_Empty.cpp">
      <Filter>Source Files\Generated\Calculator</Filter>
    </ClCompile>
    <ClCompile Include="TestParser_Generated.cpp">
      <Filter>Source Files</Filter>
    </ClCompile>
    <ClCompile Include="..\..\Source\LogTrace.cpp">
      <Filter>Source Files\Shared</Filter>
    </ClCompile>
    <ClCompile Include="..\..\Source\IfElseAmbiguity\Generated\IfElseAmbiguity_Assembler.cpp">
      <Filter>Source Files\Generated\IfElseAmbiguity</Filter>
    </ClCompile>
    <ClCompile Include="..\..\Source\IfElseAmbiguity\Generated\IfElseAmbiguity_Lexer.cpp">
      <Filter>Source Files\Generated\IfElseAmbiguity</Filter>
    </ClCompile>
    <ClCompile Include="..\..\Source\IfElseAmbiguity\Generated\IfElseAmbiguityModuleParser.cpp">
      <Filter>Source Files\Generated\IfElseAmbiguity</Filter>
    </ClCompile>
    <ClCompile Include="..\..\Source\IfElseAmbiguity\Generated\IfElseAmbiguityStatAst.cpp">
      <Filter>Source Files\Generated\IfElseAmbiguity</Filter>
    </ClCompile>
    <ClCompile Include="..\..\Source\IfElseAmbiguity\Generated\IfElseAmbiguityStatAst_Builder.cpp">
      <Filter>Source Files\Generated\IfElseAmbiguity</Filter>
    </ClCompile>
    <ClCompile Include="..\..\Source\IfElseAmbiguity\Generated\IfElseAmbiguityStatAst_Copy.cpp">
      <Filter>Source Files\Generated\IfElseAmbiguity</Filter>
    </ClCompile>
    <ClCompile Include="..\..\Source\IfElseAmbiguity\Generated\IfElseAmbiguityStatAst_Empty.cpp">
      <Filter>Source Files\Generated\IfElseAmbiguity</Filter>
    </ClCompile>
    <ClCompile Include="..\..\Source\IfElseAmbiguity\Generated\IfElseAmbiguityStatAst_Json.cpp">
      <Filter>Source Files\Generated\IfElseAmbiguity</Filter>
    </ClCompile>
    <ClCompile Include="..\..\Source\IfElseAmbiguity\Generated\IfElseAmbiguityStatAst_Traverse.cpp">
      <Filter>Source Files\Generated\IfElseAmbiguity</Filter>
    </ClCompile>
  </ItemGroup>
  <ItemGroup>
    <ClInclude Include="..\..\Source\Calculator\Generated\CalculatorExprAst_Empty.h">
      <Filter>Source Files\Generated\Calculator</Filter>
    </ClInclude>
    <ClInclude Include="..\..\Source\Calculator\Generated\CalculatorExprAst_Json.h">
      <Filter>Source Files\Generated\Calculator</Filter>
    </ClInclude>
    <ClInclude Include="..\..\Source\Calculator\Generated\CalculatorExprAst_Traverse.h">
      <Filter>Source Files\Generated\Calculator</Filter>
    </ClInclude>
    <ClInclude Include="..\..\Source\Calculator\Generated\CalculatorModuleParser.h">
      <Filter>Source Files\Generated\Calculator</Filter>
    </ClInclude>
    <ClInclude Include="..\..\Source\Calculator\Generated\Calculator_Assembler.h">
      <Filter>Source Files\Generated\Calculator</Filter>
    </ClInclude>
    <ClInclude Include="..\..\Source\Calculator\Generated\Calculator_Lexer.h">
      <Filter>Source Files\Generated\Calculator</Filter>
    </ClInclude>
    <ClInclude Include="..\..\Source\Calculator\Generated\CalculatorExprAst.h">
      <Filter>Source Files\Generated\Calculator</Filter>
    </ClInclude>
    <ClInclude Include="..\..\Source\Calculator\Generated\CalculatorExprAst_Builder.h">
      <Filter>Source Files\Generated\Calculator</Filter>
    </ClInclude>
    <ClInclude Include="..\..\Source\Calculator\Generated\CalculatorExprAst_Copy.h">
      <Filter>Source Files\Generated\Calculator</Filter>
    </ClInclude>
    <ClInclude Include="..\..\Source\LogTrace.h">
      <Filter>Source Files\Shared</Filter>
    </ClInclude>
    <ClInclude Include="..\..\Source\IfElseAmbiguity\Generated\IfElseAmbiguity_Assembler.h">
      <Filter>Source Files\Generated\IfElseAmbiguity</Filter>
    </ClInclude>
    <ClInclude Include="..\..\Source\IfElseAmbiguity\Generated\IfElseAmbiguity_Lexer.h">
      <Filter>Source Files\Generated\IfElseAmbiguity</Filter>
    </ClInclude>
    <ClInclude Include="..\..\Source\IfElseAmbiguity\Generated\IfElseAmbiguityModuleParser.h">
      <Filter>Source Files\Generated\IfElseAmbiguity</Filter>
    </ClInclude>
    <ClInclude Include="..\..\Source\IfElseAmbiguity\Generated\IfElseAmbiguityStatAst.h">
      <Filter>Source Files\Generated\IfElseAmbiguity</Filter>
    </ClInclude>
    <ClInclude Include="..\..\Source\IfElseAmbiguity\Generated\IfElseAmbiguityStatAst_Builder.h">
      <Filter>Source Files\Generated\IfElseAmbiguity</Filter>
    </ClInclude>
    <ClInclude Include="..\..\Source\IfElseAmbiguity\Generated\IfElseAmbiguityStatAst_Copy.h">
      <Filter>Source Files\Generated\IfElseAmbiguity</Filter>
    </ClInclude>
    <ClInclude Include="..\..\Source\IfElseAmbiguity\Generated\IfElseAmbiguityStatAst_Empty.h">
      <Filter>Source Files\Generated\IfElseAmbiguity</Filter>
    </ClInclude>
    <ClInclude Include="..\..\Source\IfElseAmbiguity\Generated\IfElseAmbiguityStatAst_Json.h">
      <Filter>Source Files\Generated\IfElseAmbiguity</Filter>
    </ClInclude>
    <ClInclude Include="..\..\Source\IfElseAmbiguity\Generated\IfElseAmbiguityStatAst_Traverse.h">
      <Filter>Source Files\Generated\IfElseAmbiguity</Filter>
    </ClInclude>
  </ItemGroup>
</Project>