<?xml version="1.0" encoding="utf-8"?>
<Project ToolsVersion="4.0" xmlns="http://schemas.microsoft.com/developer/msbuild/2003">
  <ItemGroup>
    <ClInclude Include="$(MSBuildThisFileDirectory)..\..\..\Source\SyntaxBase.h" />
    <ClInclude Include="$(MSBuildThisFileDirectory)..\..\..\Source\TraceManager\TraceManager.h">
      <Filter>TraceManager</Filter>
    </ClInclude>
    <ClInclude Include="$(MSBuildThisFileDirectory)..\..\..\Source\Executable.h" />
  </ItemGroup>
  <ItemGroup>
    <Filter Include="TraceManager">
      <UniqueIdentifier>{e8a6f38a-1814-4f32-9d7c-9b0c2e41c0a2}</UniqueIdentifier>
    </Filter>
  </ItemGroup>
  <ItemGroup>
    <ClCompile Include="$(MSBuildThisFileDirectory)..\..\..\Source\TraceManager\TraceManager.cpp">
      <Filter>TraceManager</Filter>
    </ClCompile>
    <ClCompile Include="$(MSBuildThisFileDirectory)..\..\..\Source\TraceManager\TraceManager_ExecuteTrace.cpp">
      <Filter>TraceManager</Filter>
    </ClCompile>
    <ClCompile Include="$(MSBuildThisFileDirectory)..\..\..\Source\TraceManager\TraceManager_Input.cpp">
      <Filter>TraceManager</Filter>
    </ClCompile>
    <ClCompile Include="$(MSBuildThisFileDirectory)..\..\..\Source\TraceManager\TraceManager_Input_Ambiguity.cpp">
      <Filter>TraceManager</Filter>
    </ClCompile>
    <ClCompile Include="$(MSBuildThisFileDirectory)..\..\..\Source\TraceManager\TraceManager_Input_Competition.cpp">
      <Filter>TraceManager</Filter>
    </ClCompile>
    <ClCompile Include="$(MSBuildThisFileDirectory)..\..\..\Source\TraceManager\TraceManager_Input_Walk.cpp">
      <Filter>TraceManager</Filter>
    </ClCompile>
    <ClCompile Include="$(MSBuildThisFileDirectory)..\..\..\Source\TraceManager\TraceManager_PrepareTraceRoute.cpp">
      <Filter>TraceManager</Filter>
    </ClCompile>
    <ClCompile Include="$(MSBuildThisFileDirectory)..\..\..\Source\Executable.cpp" />
  </ItemGroup>
</Project>