<?xml version="1.0" encoding="utf-8"?>
<Project ToolsVersion="4.0" xmlns="http://schemas.microsoft.com/developer/msbuild/2003">
  <ItemGroup>
    <ClInclude Include="$(MSBuildThisFileDirectory)..\..\..\Source\SyntaxBase.h" />
    <ClInclude Include="$(MSBuildThisFileDirectory)..\..\..\Source\TraceManager\TraceManager.h">
      <Filter>TraceManager</Filter>
    </ClInclude>
    <ClInclude Include="$(MSBuildThisFileDirectory)..\..\..\Source\Executable.h" />
  </ItemGroup>
  <ItemGroup>
    <Filter Include="TraceManager">
      <UniqueIdentifier>{e8a6f38a-1814-4f32-9d7c-9b0c2e41c0a2}</UniqueIdentifier>
    </Filter>
    <Filter Include="TraceManager\Input">
      <UniqueIdentifier>{0eb3f5b2-c9bd-491a-83ee-ba028d4fc5f7}</UniqueIdentifier>
    </Filter>
  </ItemGroup>
  <ItemGroup>
    <ClCompile Include="$(MSBuildThisFileDirectory)..\..\..\Source\TraceManager\TraceManager.cpp">
      <Filter>TraceManager</Filter>
    </ClCompile>
    <ClCompile Include="$(MSBuildThisFileDirectory)..\..\..\Source\TraceManager\TraceManager_ExecuteTrace.cpp">
      <Filter>TraceManager</Filter>
    </ClCompile>
    <ClCompile Include="$(MSBuildThisFileDirectory)..\..\..\Source\TraceManager\TraceManager_PrepareTraceRoute.cpp">
      <Filter>TraceManager</Filter>
    </ClCompile>
    <ClCompile Include="$(MSBuildThisFileDirectory)..\..\..\Source\Executable.cpp" />
    <ClCompile Include="$(MSBuildThisFileDirectory)..\..\..\Source\SyntaxBase.cpp" />
    <ClCompile Include="$(MSBuildThisFileDirectory)..\..\..\Source\TraceManager\TmInput.cpp">
      <Filter>TraceManager\Input</Filter>
    </ClCompile>
    <ClCompile Include="$(MSBuildThisFileDirectory)..\..\..\Source\TraceManager\TmInput_Ambiguity.cpp">
      <Filter>TraceManager\Input</Filter>
    </ClCompile>
    <ClCompile Include="$(MSBuildThisFileDirectory)..\..\..\Source\TraceManager\TmInput_Competition.cpp">
      <Filter>TraceManager\Input</Filter>
    </ClCompile>
    <ClCompile Include="$(MSBuildThisFileDirectory)..\..\..\Source\TraceManager\TmInput_ReturnStack.cpp">
      <Filter>TraceManager\Input</Filter>
    </ClCompile>
    <ClCompile Include="$(MSBuildThisFileDirectory)..\..\..\Source\TraceManager\TmInput_Walk.cpp">
      <Filter>TraceManager\Input</Filter>
    </ClCompile>
  </ItemGroup>
</Project>