<?xml version="1.0" encoding="utf-8"?>
<Project ToolsVersion="4.0" xmlns="http://schemas.microsoft.com/developer/msbuild/2003">
  <ItemGroup>
    <ClInclude Include="$(MSBuildThisFileDirectory)..\..\..\Source\SyntaxBase.h" />
    <ClInclude Include="$(MSBuildThisFileDirectory)..\..\..\Source\TraceManager\TraceManager.h">
      <Filter>TraceManager</Filter>
    </ClInclude>
    <ClInclude Include="$(MSBuildThisFileDirectory)..\..\..\Source\Executable.h" />
    <ClInclude Include="$(MSBuildThisFileDirectory)..\..\..\Source\TraceManager\TraceManager_Common.h">
      <Filter>TraceManager</Filter>
    </ClInclude>
  </ItemGroup>
  <ItemGroup>
    <Filter Include="TraceManager">
      <UniqueIdentifier>{e8a6f38a-1814-4f32-9d7c-9b0c2e41c0a2}</UniqueIdentifier>
    </Filter>
    <Filter Include="TraceManager\Input">
      <UniqueIdentifier>{0eb3f5b2-c9bd-491a-83ee-ba028d4fc5f7}</UniqueIdentifier>
    </Filter>
    <Filter Include="TraceManager\PrepareTraceRoute">
      <UniqueIdentifier>{3ba487ea-bff4-4a02-ad19-859dac7cf6c3}</UniqueIdentifier>
    </Filter>
    <Filter Include="TraceManager\ResolveAmbiguity">
      <UniqueIdentifier>{25e65ac6-51cc-4009-a0f1-c7ea5c4c4a34}</UniqueIdentifier>
    </Filter>
  </ItemGroup>
  <ItemGroup>
    <ClCompile Include="$(MSBuildThisFileDirectory)..\..\..\Source\TraceManager\TraceManager.cpp">
      <Filter>TraceManager</Filter>
    </ClCompile>
    <ClCompile Include="$(MSBuildThisFileDirectory)..\..\..\Source\TraceManager\TraceManager_ExecuteTrace.cpp">
      <Filter>TraceManager</Filter>
    </ClCompile>
    <ClCompile Include="$(MSBuildThisFileDirectory)..\..\..\Source\Executable.cpp" />
    <ClCompile Include="$(MSBuildThisFileDirectory)..\..\..\Source\SyntaxBase.cpp" />
    <ClCompile Include="$(MSBuildThisFileDirectory)..\..\..\Source\TraceManager\TmInput.cpp">
      <Filter>TraceManager\Input</Filter>
    </ClCompile>
    <ClCompile Include="$(MSBuildThisFileDirectory)..\..\..\Source\TraceManager\TmInput_Ambiguity.cpp">
      <Filter>TraceManager\Input</Filter>
    </ClCompile>
    <ClCompile Include="$(MSBuildThisFileDirectory)..\..\..\Source\TraceManager\TmInput_Competition.cpp">
      <Filter>TraceManager\Input</Filter>
    </ClCompile>
    <ClCompile Include="$(MSBuildThisFileDirectory)..\..\..\Source\TraceManager\TmInput_ReturnStack.cpp">
      <Filter>TraceManager\Input</Filter>
    </ClCompile>
    <ClCompile Include="$(MSBuildThisFileDirectory)..\..\..\Source\TraceManager\TmInput_Walk.cpp">
      <Filter>TraceManager\Input</Filter>
    </ClCompile>
    <ClCompile Include="$(MSBuildThisFileDirectory)..\..\..\Source\TraceManager\TmPtr.cpp">
      <Filter>TraceManager\PrepareTraceRoute</Filter>
    </ClCompile>
    <ClCompile Include="$(MSBuildThisFileDirectory)..\..\..\Source\TraceManager\TmRa.cpp">
      <Filter>TraceManager\ResolveAmbiguity</Filter>
    </ClCompile>
    <ClCompile Include="$(MSBuildThisFileDirectory)..\..\..\Source\TraceManager\TmRa_BuildExecutionOrder.cpp">
      <Filter>TraceManager\ResolveAmbiguity</Filter>
    </ClCompile>
    <ClCompile Include="$(MSBuildThisFileDirectory)..\..\..\Source\TraceManager\TmRa_CheckMergeTraces.cpp">
      <Filter>TraceManager\ResolveAmbiguity</Filter>
    </ClCompile>
    <ClCompile Include="$(MSBuildThisFileDirectory)..\..\..\Source\TraceManager\TraceManager_Common.cpp">
      <Filter>TraceManager</Filter>
    </ClCompile>
    <ClCompile Include="$(MSBuildThisFileDirectory)..\..\..\Source\TraceManager\TmPtr_PartialExecuteTraces.cpp">
      <Filter>TraceManager\PrepareTraceRoute</Filter>
    </ClCompile>
    <ClCompile Include="$(MSBuildThisFileDirectory)..\..\..\Source\TraceManager\TmPtr_AllocateExecutionData.cpp">
      <Filter>TraceManager\PrepareTraceRoute</Filter>
    </ClCompile>
    <ClCompile Include="$(MSBuildThisFileDirectory)..\..\..\Source\TraceManager\TmPtr_BuildAmbiguityStructures.cpp">
      <Filter>TraceManager\PrepareTraceRoute</Filter>
    </ClCompile>
    <ClCompile Include="$(MSBuildThisFileDirectory)..\..\..\Source\TraceManager\TmPtr_PartialExecuteTraces_PartialExecuteOrdinaryTrace.cpp">
      <Filter>TraceManager\PrepareTraceRoute</Filter>
    </ClCompile>
    <ClCompile Include="$(MSBuildThisFileDirectory)..\..\..\Source\TraceManager\TmPtr_PartialExecuteTraces_EnsureInsExecContextCompatible.cpp">
      <Filter>TraceManager\PrepareTraceRoute</Filter>
    </ClCompile>
    <ClCompile Include="$(MSBuildThisFileDirectory)..\..\..\Source\TraceManager\TmPtr_PartialExecuteTraces_MergeInsExecContext.cpp">
      <Filter>TraceManager\PrepareTraceRoute</Filter>
    </ClCompile>
  </ItemGroup>
</Project>